
Microsoft Visual Studio Solution File, Format Version 12.00
# Visual Studio Version 16
VisualStudioVersion = 16.0.29001.49
MinimumVisualStudioVersion = 10.0.40219.1
Project("{2150E333-8FDC-42A3-9474-1A3956D46DE8}") = "Framework", "Framework", "{C38A83E8-AD6F-488C-B7D1-B609E33BB77A}"
EndProject
Project("{2150E333-8FDC-42A3-9474-1A3956D46DE8}") = "Hosts", "Hosts", "{5816B5B0-9F1B-461E-A45C-22F816F93464}"
EndProject
Project("{2150E333-8FDC-42A3-9474-1A3956D46DE8}") = "Modules", "Modules", "{286CD6B3-1F1C-4DF8-A2DE-DDF793F60680}"
EndProject
Project("{2150E333-8FDC-42A3-9474-1A3956D46DE8}") = "Plugins", "Plugins", "{6D222BFD-F123-4423-BC80-EB213B2F4F65}"
EndProject
Project("{9A19103F-16F7-4668-BE54-9A1E7A4F7556}") = "PE.Framework", "Mobile\Framework\PE.Framework\PE.Framework.csproj", "{DFE94BF0-6E46-4DB4-BC72-0F21BF0ED70E}"
EndProject
Project("{FAE04EC0-301F-11D3-BF4B-00C04F79EFBC}") = "PE.Framework.Droid", "Mobile\Framework\PE.Framework.Droid\PE.Framework.Droid.csproj", "{F9242228-D574-4FF1-8D4F-714C84154102}"
EndProject
Project("{FAE04EC0-301F-11D3-BF4B-00C04F79EFBC}") = "PE.Framework.iOS", "Mobile\Framework\PE.Framework.iOS\PE.Framework.iOS.csproj", "{094109D5-F8D6-447D-8F31-64AB5E700A0E}"
EndProject
Project("{2150E333-8FDC-42A3-9474-1A3956D46DE8}") = "Validation", "Validation", "{CE611EEC-86B5-4D2E-B4C1-5F7B2440057C}"
EndProject
Project("{2150E333-8FDC-42A3-9474-1A3956D46DE8}") = "Network", "Network", "{9F860BCD-1B0D-4680-BDBB-6A6A2607851E}"
EndProject
Project("{2150E333-8FDC-42A3-9474-1A3956D46DE8}") = "LocalStorage", "LocalStorage", "{69427AAE-B19C-4D09-8EF4-4007AD66E058}"
EndProject
Project("{2150E333-8FDC-42A3-9474-1A3956D46DE8}") = "Dialogs", "Dialogs", "{F74ED62F-387E-4A76-8255-3696086E08EB}"
EndProject
Project("{2150E333-8FDC-42A3-9474-1A3956D46DE8}") = "Analytics", "Analytics", "{193729F9-E2AB-49E8-B1AC-14BECBC842EC}"
EndProject
Project("{9A19103F-16F7-4668-BE54-9A1E7A4F7556}") = "PE.Plugins.Validation", "Mobile\Plugins\Validation\PE.Plugins.Validation\PE.Plugins.Validation.csproj", "{6655D5C2-97DC-49EA-9381-B0C275DBFAA2}"
EndProject
Project("{9A19103F-16F7-4668-BE54-9A1E7A4F7556}") = "PE.Plugins.Network", "Mobile\Plugins\Network\PE.Plugins.Network\PE.Plugins.Network.csproj", "{D8CA5905-2ED3-48AB-A817-F8A4574B6121}"
EndProject
Project("{FAE04EC0-301F-11D3-BF4B-00C04F79EFBC}") = "PE.Plugins.Network.Droid", "Mobile\Plugins\Network\PE.Plugins.Network.Droid\PE.Plugins.Network.Droid.csproj", "{632920F9-D3A0-44D3-8478-77DA54D1BCEA}"
EndProject
Project("{FAE04EC0-301F-11D3-BF4B-00C04F79EFBC}") = "PE.Plugins.Network.iOS", "Mobile\Plugins\Network\PE.Plugins.Network.iOS\PE.Plugins.Network.iOS.csproj", "{A03E6B15-90F9-4566-9755-6A5F3B39C7DD}"
EndProject
Project("{9A19103F-16F7-4668-BE54-9A1E7A4F7556}") = "PE.Plugins.LocalStorage", "Mobile\Plugins\LocalStorage\PE.Plugins.LocalStorage\PE.Plugins.LocalStorage.csproj", "{E5E12AA0-3557-4D0D-AB00-569E1107A76F}"
EndProject
Project("{FAE04EC0-301F-11D3-BF4B-00C04F79EFBC}") = "PE.Plugins.LocalStorage.Droid", "Mobile\Plugins\LocalStorage\PE.Plugins.LocalStorage.Droid\PE.Plugins.LocalStorage.Droid.csproj", "{BCAD3A40-E518-4808-9569-2C2A5E33287B}"
EndProject
Project("{FAE04EC0-301F-11D3-BF4B-00C04F79EFBC}") = "PE.Plugins.LocalStorage.iOS", "Mobile\Plugins\LocalStorage\PE.Plugins.LocalStorage.iOS\PE.Plugins.LocalStorage.iOS.csproj", "{30AB6758-2338-4312-8BD6-6EC3F4158189}"
EndProject
Project("{2150E333-8FDC-42A3-9474-1A3956D46DE8}") = "Hardware", "Hardware", "{EA93E344-1B84-4107-B80A-81AC553B20FF}"
EndProject
Project("{9A19103F-16F7-4668-BE54-9A1E7A4F7556}") = "PE.Plugins.Hardware", "Mobile\Plugins\Hardware\PE.Plugins.Hardware\PE.Plugins.Hardware.csproj", "{C56F4531-5AC8-4887-85FC-08DF0388B64C}"
EndProject
Project("{FAE04EC0-301F-11D3-BF4B-00C04F79EFBC}") = "PE.Plugins.Hardware.iOS", "Mobile\Plugins\Hardware\PE.Plugins.Hardware.iOS\PE.Plugins.Hardware.iOS.csproj", "{09384CF5-E655-4A34-9F74-4412643B20BF}"
EndProject
Project("{9A19103F-16F7-4668-BE54-9A1E7A4F7556}") = "PE.Plugins.Dialogs", "Mobile\Plugins\Dialogs\PE.Plugins.Dialogs\PE.Plugins.Dialogs.csproj", "{730BD97F-534D-4E7D-866B-0B85A2831254}"
EndProject
Project("{FAE04EC0-301F-11D3-BF4B-00C04F79EFBC}") = "PE.Plugins.Dialogs.Droid", "Mobile\Plugins\Dialogs\PE.Plugins.Dialogs.Droid\PE.Plugins.Dialogs.Droid.csproj", "{F53FA71D-97DF-46DC-B8E1-865B22D65437}"
EndProject
Project("{FAE04EC0-301F-11D3-BF4B-00C04F79EFBC}") = "PE.Plugins.Dialogs.iOS", "Mobile\Plugins\Dialogs\PE.Plugins.Dialogs.iOS\PE.Plugins.Dialogs.iOS.csproj", "{8A73352A-558A-4B45-8CD3-BAC0A4D8524E}"
EndProject
Project("{9A19103F-16F7-4668-BE54-9A1E7A4F7556}") = "PE.Plugins.Analytics", "Mobile\Plugins\Analytics\PE.Plugins.Analytics\PE.Plugins.Analytics.csproj", "{0B6C27E3-0068-411D-BC70-6B474DBE1FCF}"
EndProject
Project("{9A19103F-16F7-4668-BE54-9A1E7A4F7556}") = "PE.Plugins.Analytics.GA", "Mobile\Plugins\Analytics\PE.Plugins.Analytics.GA\PE.Plugins.Analytics.GA.csproj", "{C9DBCF37-22E7-491B-AED8-192CF03CEBF6}"
EndProject
Project("{FAE04EC0-301F-11D3-BF4B-00C04F79EFBC}") = "PE.Plugins.Analytics.GA.Droid", "Mobile\Plugins\Analytics\PE.Plugins.Analytics.GA.Droid\PE.Plugins.Analytics.GA.Droid.csproj", "{6B752022-75B9-4207-9AED-D9D2D5191042}"
EndProject
Project("{FAE04EC0-301F-11D3-BF4B-00C04F79EFBC}") = "PE.Plugins.Analytics.GA.iOS", "Mobile\Plugins\Analytics\PE.Plugins.Analytics.GA.iOS\PE.Plugins.Analytics.GA.iOS.csproj", "{39AD1378-B9E5-44A1-8242-F698061C8D43}"
EndProject
Project("{2150E333-8FDC-42A3-9474-1A3956D46DE8}") = "Location", "Location", "{202B5E9A-CD47-453D-B2D9-6FD40F6A4266}"
EndProject
Project("{9A19103F-16F7-4668-BE54-9A1E7A4F7556}") = "PE.Plugins.Location", "Mobile\Plugins\Location\PE.Plugins.Location\PE.Plugins.Location.csproj", "{23187722-4D63-4212-AB79-A886790E00D9}"
EndProject
Project("{FAE04EC0-301F-11D3-BF4B-00C04F79EFBC}") = "PE.Plugins.Location.Droid", "Mobile\Plugins\Location\PE.Plugins.Location.Droid\PE.Plugins.Location.Droid.csproj", "{595E98BA-8E1E-40F3-9747-F1A58D3928C7}"
EndProject
Project("{FAE04EC0-301F-11D3-BF4B-00C04F79EFBC}") = "PE.Plugins.Location.iOS", "Mobile\Plugins\Location\PE.Plugins.Location.iOS\PE.Plugins.Location.iOS.csproj", "{E71F3053-056C-4381-9638-048ED73BDFF6}"
EndProject
Project("{FAE04EC0-301F-11D3-BF4B-00C04F79EFBC}") = "PE.Plugins.Hardware.Droid", "Mobile\Plugins\Hardware\PE.Plugins.Hardware.Droid\PE.Plugins.Hardware.Droid.csproj", "{A4A4B555-35D6-4AE7-95CB-394AC7C5D7E8}"
EndProject
Project("{9A19103F-16F7-4668-BE54-9A1E7A4F7556}") = "PE.Plugins.Analytics.AppInsights", "Mobile\Plugins\Analytics\PE.Plugins.Analytics.AppInsights\PE.Plugins.Analytics.AppInsights.csproj", "{D5FE33E2-9A6C-418C-9F5D-EFD3D08E8857}"
EndProject
Project("{FAE04EC0-301F-11D3-BF4B-00C04F79EFBC}") = "PE.Plugins.Analytics.AppInsights.iOS", "Mobile\Plugins\Analytics\PE.Plugins.Analytics.AppInsights.iOS\PE.Plugins.Analytics.AppInsights.iOS.csproj", "{C2687C1E-A5DF-4303-81D2-C8331B8B4189}"
EndProject
Project("{FAE04EC0-301F-11D3-BF4B-00C04F79EFBC}") = "PE.Plugins.Analytics.AppInsights.Droid", "Mobile\Plugins\Analytics\PE.Plugins.Analytics.AppInsights.Droid\PE.Plugins.Analytics.AppInsights.Droid.csproj", "{2941380A-196A-456D-9B97-2B34F8DF2CD6}"
EndProject
Project("{9A19103F-16F7-4668-BE54-9A1E7A4F7556}") = "PE.Plugins.Analytics.AppCenterAnalytics", "Mobile\Plugins\Analytics\PE.Plugins.Analytics.AppCenterAnalytics\PE.Plugins.Analytics.AppCenterAnalytics.csproj", "{21B0A3DB-9B8B-4023-8B9E-8134D1B229DD}"
EndProject
Project("{FAE04EC0-301F-11D3-BF4B-00C04F79EFBC}") = "PE.Plugins.Analytics.AppCenterAnalytics.Droid", "Mobile\Plugins\Analytics\PE.Plugins.Analytics.AppCenterAnalytics.Droid\PE.Plugins.Analytics.AppCenterAnalytics.Droid.csproj", "{62D24432-4C62-4479-BBF9-07EA2F44C864}"
EndProject
Project("{FAE04EC0-301F-11D3-BF4B-00C04F79EFBC}") = "PE.Plugins.Analytics.AppCenterAnalytics.iOS", "Mobile\Plugins\Analytics\PE.Plugins.Analytics.AppCenterAnalytics.iOS\PE.Plugins.Analytics.AppCenterAnalytics.iOS.csproj", "{07FCC933-A923-4C69-9604-2FCEBE796C05}"
EndProject
Project("{2150E333-8FDC-42A3-9474-1A3956D46DE8}") = "Tests", "Tests", "{C9872025-D334-42C8-8AE0-C7B1EFFE16C8}"
EndProject
Project("{2150E333-8FDC-42A3-9474-1A3956D46DE8}") = "Media", "Media", "{4D2EC70F-0C89-4C5C-9BB0-FB90E0D18786}"
EndProject
Project("{9A19103F-16F7-4668-BE54-9A1E7A4F7556}") = "PE.Plugins.Media", "Mobile\Plugins\Media\PE.Plugins.Media\PE.Plugins.Media.csproj", "{F965FE62-3021-4B03-BAC8-5C71CD160D90}"
EndProject
Project("{FAE04EC0-301F-11D3-BF4B-00C04F79EFBC}") = "PE.Plugins.Media.Droid", "Mobile\Plugins\Media\PE.Plugins.Media.Droid\PE.Plugins.Media.Droid.csproj", "{91ABCC94-8531-4B2D-864D-63726C892434}"
EndProject
Project("{FAE04EC0-301F-11D3-BF4B-00C04F79EFBC}") = "PE.Plugins.Media.iOS", "Mobile\Plugins\Media\PE.Plugins.Media.iOS\PE.Plugins.Media.iOS.csproj", "{3D1B2341-1620-4089-8BB4-0D123FC9A77E}"
EndProject
Project("{9A19103F-16F7-4668-BE54-9A1E7A4F7556}") = "Arena.Core", "Mobile\Hosts\Arena.Core\Arena.Core.csproj", "{D875FF2D-3AFB-4DDF-9F39-E47F11EF1FBC}"
EndProject
Project("{9A19103F-16F7-4668-BE54-9A1E7A4F7556}") = "Arena.UI", "Mobile\Hosts\Arena.UI\Arena.UI.csproj", "{82EE86CC-2640-4B47-82DB-7D71A2297EE8}"
EndProject
Project("{FAE04EC0-301F-11D3-BF4B-00C04F79EFBC}") = "Arena.Droid", "Mobile\Hosts\Arena.Droid\Arena.Droid.csproj", "{95FBFC84-3058-4441-972C-607C3378748E}"
EndProject
Project("{FAE04EC0-301F-11D3-BF4B-00C04F79EFBC}") = "Arena.iOS", "Mobile\Hosts\Arena.iOS\Arena.iOS.csproj", "{FCD3BF3A-283C-4ADE-89CF-5EB9A7B05DBA}"
EndProject
Global
	GlobalSection(SolutionConfigurationPlatforms) = preSolution
		Debug|Any CPU = Debug|Any CPU
		Debug|ARM = Debug|ARM
		Debug|iPhone = Debug|iPhone
		Debug|iPhoneSimulator = Debug|iPhoneSimulator
		Debug|x64 = Debug|x64
		Debug|x86 = Debug|x86
		Release|Any CPU = Release|Any CPU
		Release|ARM = Release|ARM
		Release|iPhone = Release|iPhone
		Release|iPhoneSimulator = Release|iPhoneSimulator
		Release|x64 = Release|x64
		Release|x86 = Release|x86
	EndGlobalSection
	GlobalSection(ProjectConfigurationPlatforms) = postSolution
		{DFE94BF0-6E46-4DB4-BC72-0F21BF0ED70E}.Debug|Any CPU.ActiveCfg = Debug|Any CPU
		{DFE94BF0-6E46-4DB4-BC72-0F21BF0ED70E}.Debug|Any CPU.Build.0 = Debug|Any CPU
		{DFE94BF0-6E46-4DB4-BC72-0F21BF0ED70E}.Debug|ARM.ActiveCfg = Debug|Any CPU
		{DFE94BF0-6E46-4DB4-BC72-0F21BF0ED70E}.Debug|ARM.Build.0 = Debug|Any CPU
		{DFE94BF0-6E46-4DB4-BC72-0F21BF0ED70E}.Debug|iPhone.ActiveCfg = Debug|Any CPU
		{DFE94BF0-6E46-4DB4-BC72-0F21BF0ED70E}.Debug|iPhone.Build.0 = Debug|Any CPU
		{DFE94BF0-6E46-4DB4-BC72-0F21BF0ED70E}.Debug|iPhoneSimulator.ActiveCfg = Debug|Any CPU
		{DFE94BF0-6E46-4DB4-BC72-0F21BF0ED70E}.Debug|iPhoneSimulator.Build.0 = Debug|Any CPU
		{DFE94BF0-6E46-4DB4-BC72-0F21BF0ED70E}.Debug|x64.ActiveCfg = Debug|Any CPU
		{DFE94BF0-6E46-4DB4-BC72-0F21BF0ED70E}.Debug|x64.Build.0 = Debug|Any CPU
		{DFE94BF0-6E46-4DB4-BC72-0F21BF0ED70E}.Debug|x86.ActiveCfg = Debug|Any CPU
		{DFE94BF0-6E46-4DB4-BC72-0F21BF0ED70E}.Debug|x86.Build.0 = Debug|Any CPU
		{DFE94BF0-6E46-4DB4-BC72-0F21BF0ED70E}.Release|Any CPU.ActiveCfg = Release|Any CPU
		{DFE94BF0-6E46-4DB4-BC72-0F21BF0ED70E}.Release|Any CPU.Build.0 = Release|Any CPU
		{DFE94BF0-6E46-4DB4-BC72-0F21BF0ED70E}.Release|ARM.ActiveCfg = Release|Any CPU
		{DFE94BF0-6E46-4DB4-BC72-0F21BF0ED70E}.Release|ARM.Build.0 = Release|Any CPU
		{DFE94BF0-6E46-4DB4-BC72-0F21BF0ED70E}.Release|iPhone.ActiveCfg = Release|Any CPU
		{DFE94BF0-6E46-4DB4-BC72-0F21BF0ED70E}.Release|iPhone.Build.0 = Release|Any CPU
		{DFE94BF0-6E46-4DB4-BC72-0F21BF0ED70E}.Release|iPhoneSimulator.ActiveCfg = Release|Any CPU
		{DFE94BF0-6E46-4DB4-BC72-0F21BF0ED70E}.Release|iPhoneSimulator.Build.0 = Release|Any CPU
		{DFE94BF0-6E46-4DB4-BC72-0F21BF0ED70E}.Release|x64.ActiveCfg = Release|Any CPU
		{DFE94BF0-6E46-4DB4-BC72-0F21BF0ED70E}.Release|x64.Build.0 = Release|Any CPU
		{DFE94BF0-6E46-4DB4-BC72-0F21BF0ED70E}.Release|x86.ActiveCfg = Release|Any CPU
		{DFE94BF0-6E46-4DB4-BC72-0F21BF0ED70E}.Release|x86.Build.0 = Release|Any CPU
		{F9242228-D574-4FF1-8D4F-714C84154102}.Debug|Any CPU.ActiveCfg = Debug|Any CPU
		{F9242228-D574-4FF1-8D4F-714C84154102}.Debug|Any CPU.Build.0 = Debug|Any CPU
		{F9242228-D574-4FF1-8D4F-714C84154102}.Debug|ARM.ActiveCfg = Debug|Any CPU
		{F9242228-D574-4FF1-8D4F-714C84154102}.Debug|ARM.Build.0 = Debug|Any CPU
		{F9242228-D574-4FF1-8D4F-714C84154102}.Debug|iPhone.ActiveCfg = Debug|Any CPU
		{F9242228-D574-4FF1-8D4F-714C84154102}.Debug|iPhoneSimulator.ActiveCfg = Debug|Any CPU
		{F9242228-D574-4FF1-8D4F-714C84154102}.Debug|x64.ActiveCfg = Debug|Any CPU
		{F9242228-D574-4FF1-8D4F-714C84154102}.Debug|x64.Build.0 = Debug|Any CPU
		{F9242228-D574-4FF1-8D4F-714C84154102}.Debug|x86.ActiveCfg = Debug|Any CPU
		{F9242228-D574-4FF1-8D4F-714C84154102}.Debug|x86.Build.0 = Debug|Any CPU
		{F9242228-D574-4FF1-8D4F-714C84154102}.Release|Any CPU.ActiveCfg = Release|Any CPU
		{F9242228-D574-4FF1-8D4F-714C84154102}.Release|Any CPU.Build.0 = Release|Any CPU
		{F9242228-D574-4FF1-8D4F-714C84154102}.Release|ARM.ActiveCfg = Release|Any CPU
		{F9242228-D574-4FF1-8D4F-714C84154102}.Release|ARM.Build.0 = Release|Any CPU
		{F9242228-D574-4FF1-8D4F-714C84154102}.Release|iPhone.ActiveCfg = Release|Any CPU
		{F9242228-D574-4FF1-8D4F-714C84154102}.Release|iPhoneSimulator.ActiveCfg = Release|Any CPU
		{F9242228-D574-4FF1-8D4F-714C84154102}.Release|x64.ActiveCfg = Release|Any CPU
		{F9242228-D574-4FF1-8D4F-714C84154102}.Release|x64.Build.0 = Release|Any CPU
		{F9242228-D574-4FF1-8D4F-714C84154102}.Release|x86.ActiveCfg = Release|Any CPU
		{F9242228-D574-4FF1-8D4F-714C84154102}.Release|x86.Build.0 = Release|Any CPU
		{094109D5-F8D6-447D-8F31-64AB5E700A0E}.Debug|Any CPU.ActiveCfg = Debug|Any CPU
		{094109D5-F8D6-447D-8F31-64AB5E700A0E}.Debug|ARM.ActiveCfg = Debug|Any CPU
		{094109D5-F8D6-447D-8F31-64AB5E700A0E}.Debug|iPhone.ActiveCfg = Debug|Any CPU
		{094109D5-F8D6-447D-8F31-64AB5E700A0E}.Debug|iPhone.Build.0 = Debug|Any CPU
		{094109D5-F8D6-447D-8F31-64AB5E700A0E}.Debug|iPhoneSimulator.ActiveCfg = Debug|Any CPU
		{094109D5-F8D6-447D-8F31-64AB5E700A0E}.Debug|iPhoneSimulator.Build.0 = Debug|Any CPU
		{094109D5-F8D6-447D-8F31-64AB5E700A0E}.Debug|x64.ActiveCfg = Debug|Any CPU
		{094109D5-F8D6-447D-8F31-64AB5E700A0E}.Debug|x86.ActiveCfg = Debug|Any CPU
		{094109D5-F8D6-447D-8F31-64AB5E700A0E}.Release|Any CPU.ActiveCfg = Release|Any CPU
		{094109D5-F8D6-447D-8F31-64AB5E700A0E}.Release|ARM.ActiveCfg = Release|Any CPU
		{094109D5-F8D6-447D-8F31-64AB5E700A0E}.Release|iPhone.ActiveCfg = Release|Any CPU
		{094109D5-F8D6-447D-8F31-64AB5E700A0E}.Release|iPhone.Build.0 = Release|Any CPU
		{094109D5-F8D6-447D-8F31-64AB5E700A0E}.Release|iPhoneSimulator.ActiveCfg = Release|Any CPU
		{094109D5-F8D6-447D-8F31-64AB5E700A0E}.Release|iPhoneSimulator.Build.0 = Release|Any CPU
		{094109D5-F8D6-447D-8F31-64AB5E700A0E}.Release|x64.ActiveCfg = Release|Any CPU
		{094109D5-F8D6-447D-8F31-64AB5E700A0E}.Release|x86.ActiveCfg = Release|Any CPU
		{6655D5C2-97DC-49EA-9381-B0C275DBFAA2}.Debug|Any CPU.ActiveCfg = Debug|Any CPU
		{6655D5C2-97DC-49EA-9381-B0C275DBFAA2}.Debug|Any CPU.Build.0 = Debug|Any CPU
		{6655D5C2-97DC-49EA-9381-B0C275DBFAA2}.Debug|ARM.ActiveCfg = Debug|Any CPU
		{6655D5C2-97DC-49EA-9381-B0C275DBFAA2}.Debug|ARM.Build.0 = Debug|Any CPU
		{6655D5C2-97DC-49EA-9381-B0C275DBFAA2}.Debug|iPhone.ActiveCfg = Debug|Any CPU
		{6655D5C2-97DC-49EA-9381-B0C275DBFAA2}.Debug|iPhone.Build.0 = Debug|Any CPU
		{6655D5C2-97DC-49EA-9381-B0C275DBFAA2}.Debug|iPhoneSimulator.ActiveCfg = Debug|Any CPU
		{6655D5C2-97DC-49EA-9381-B0C275DBFAA2}.Debug|iPhoneSimulator.Build.0 = Debug|Any CPU
		{6655D5C2-97DC-49EA-9381-B0C275DBFAA2}.Debug|x64.ActiveCfg = Debug|Any CPU
		{6655D5C2-97DC-49EA-9381-B0C275DBFAA2}.Debug|x64.Build.0 = Debug|Any CPU
		{6655D5C2-97DC-49EA-9381-B0C275DBFAA2}.Debug|x86.ActiveCfg = Debug|Any CPU
		{6655D5C2-97DC-49EA-9381-B0C275DBFAA2}.Debug|x86.Build.0 = Debug|Any CPU
		{6655D5C2-97DC-49EA-9381-B0C275DBFAA2}.Release|Any CPU.ActiveCfg = Release|Any CPU
		{6655D5C2-97DC-49EA-9381-B0C275DBFAA2}.Release|Any CPU.Build.0 = Release|Any CPU
		{6655D5C2-97DC-49EA-9381-B0C275DBFAA2}.Release|ARM.ActiveCfg = Release|Any CPU
		{6655D5C2-97DC-49EA-9381-B0C275DBFAA2}.Release|ARM.Build.0 = Release|Any CPU
		{6655D5C2-97DC-49EA-9381-B0C275DBFAA2}.Release|iPhone.ActiveCfg = Release|Any CPU
		{6655D5C2-97DC-49EA-9381-B0C275DBFAA2}.Release|iPhone.Build.0 = Release|Any CPU
		{6655D5C2-97DC-49EA-9381-B0C275DBFAA2}.Release|iPhoneSimulator.ActiveCfg = Release|Any CPU
		{6655D5C2-97DC-49EA-9381-B0C275DBFAA2}.Release|iPhoneSimulator.Build.0 = Release|Any CPU
		{6655D5C2-97DC-49EA-9381-B0C275DBFAA2}.Release|x64.ActiveCfg = Release|Any CPU
		{6655D5C2-97DC-49EA-9381-B0C275DBFAA2}.Release|x64.Build.0 = Release|Any CPU
		{6655D5C2-97DC-49EA-9381-B0C275DBFAA2}.Release|x86.ActiveCfg = Release|Any CPU
		{6655D5C2-97DC-49EA-9381-B0C275DBFAA2}.Release|x86.Build.0 = Release|Any CPU
		{D8CA5905-2ED3-48AB-A817-F8A4574B6121}.Debug|Any CPU.ActiveCfg = Debug|Any CPU
		{D8CA5905-2ED3-48AB-A817-F8A4574B6121}.Debug|Any CPU.Build.0 = Debug|Any CPU
		{D8CA5905-2ED3-48AB-A817-F8A4574B6121}.Debug|ARM.ActiveCfg = Debug|Any CPU
		{D8CA5905-2ED3-48AB-A817-F8A4574B6121}.Debug|ARM.Build.0 = Debug|Any CPU
		{D8CA5905-2ED3-48AB-A817-F8A4574B6121}.Debug|iPhone.ActiveCfg = Debug|Any CPU
		{D8CA5905-2ED3-48AB-A817-F8A4574B6121}.Debug|iPhone.Build.0 = Debug|Any CPU
		{D8CA5905-2ED3-48AB-A817-F8A4574B6121}.Debug|iPhoneSimulator.ActiveCfg = Debug|Any CPU
		{D8CA5905-2ED3-48AB-A817-F8A4574B6121}.Debug|iPhoneSimulator.Build.0 = Debug|Any CPU
		{D8CA5905-2ED3-48AB-A817-F8A4574B6121}.Debug|x64.ActiveCfg = Debug|Any CPU
		{D8CA5905-2ED3-48AB-A817-F8A4574B6121}.Debug|x64.Build.0 = Debug|Any CPU
		{D8CA5905-2ED3-48AB-A817-F8A4574B6121}.Debug|x86.ActiveCfg = Debug|Any CPU
		{D8CA5905-2ED3-48AB-A817-F8A4574B6121}.Debug|x86.Build.0 = Debug|Any CPU
		{D8CA5905-2ED3-48AB-A817-F8A4574B6121}.Release|Any CPU.ActiveCfg = Release|Any CPU
		{D8CA5905-2ED3-48AB-A817-F8A4574B6121}.Release|Any CPU.Build.0 = Release|Any CPU
		{D8CA5905-2ED3-48AB-A817-F8A4574B6121}.Release|ARM.ActiveCfg = Release|Any CPU
		{D8CA5905-2ED3-48AB-A817-F8A4574B6121}.Release|ARM.Build.0 = Release|Any CPU
		{D8CA5905-2ED3-48AB-A817-F8A4574B6121}.Release|iPhone.ActiveCfg = Release|Any CPU
		{D8CA5905-2ED3-48AB-A817-F8A4574B6121}.Release|iPhone.Build.0 = Release|Any CPU
		{D8CA5905-2ED3-48AB-A817-F8A4574B6121}.Release|iPhoneSimulator.ActiveCfg = Release|Any CPU
		{D8CA5905-2ED3-48AB-A817-F8A4574B6121}.Release|iPhoneSimulator.Build.0 = Release|Any CPU
		{D8CA5905-2ED3-48AB-A817-F8A4574B6121}.Release|x64.ActiveCfg = Release|Any CPU
		{D8CA5905-2ED3-48AB-A817-F8A4574B6121}.Release|x64.Build.0 = Release|Any CPU
		{D8CA5905-2ED3-48AB-A817-F8A4574B6121}.Release|x86.ActiveCfg = Release|Any CPU
		{D8CA5905-2ED3-48AB-A817-F8A4574B6121}.Release|x86.Build.0 = Release|Any CPU
		{632920F9-D3A0-44D3-8478-77DA54D1BCEA}.Debug|Any CPU.ActiveCfg = Debug|Any CPU
		{632920F9-D3A0-44D3-8478-77DA54D1BCEA}.Debug|Any CPU.Build.0 = Debug|Any CPU
		{632920F9-D3A0-44D3-8478-77DA54D1BCEA}.Debug|ARM.ActiveCfg = Debug|Any CPU
		{632920F9-D3A0-44D3-8478-77DA54D1BCEA}.Debug|ARM.Build.0 = Debug|Any CPU
		{632920F9-D3A0-44D3-8478-77DA54D1BCEA}.Debug|iPhone.ActiveCfg = Debug|Any CPU
		{632920F9-D3A0-44D3-8478-77DA54D1BCEA}.Debug|iPhoneSimulator.ActiveCfg = Debug|Any CPU
		{632920F9-D3A0-44D3-8478-77DA54D1BCEA}.Debug|x64.ActiveCfg = Debug|Any CPU
		{632920F9-D3A0-44D3-8478-77DA54D1BCEA}.Debug|x64.Build.0 = Debug|Any CPU
		{632920F9-D3A0-44D3-8478-77DA54D1BCEA}.Debug|x86.ActiveCfg = Debug|Any CPU
		{632920F9-D3A0-44D3-8478-77DA54D1BCEA}.Debug|x86.Build.0 = Debug|Any CPU
		{632920F9-D3A0-44D3-8478-77DA54D1BCEA}.Release|Any CPU.ActiveCfg = Release|Any CPU
		{632920F9-D3A0-44D3-8478-77DA54D1BCEA}.Release|Any CPU.Build.0 = Release|Any CPU
		{632920F9-D3A0-44D3-8478-77DA54D1BCEA}.Release|ARM.ActiveCfg = Release|Any CPU
		{632920F9-D3A0-44D3-8478-77DA54D1BCEA}.Release|ARM.Build.0 = Release|Any CPU
		{632920F9-D3A0-44D3-8478-77DA54D1BCEA}.Release|iPhone.ActiveCfg = Release|Any CPU
		{632920F9-D3A0-44D3-8478-77DA54D1BCEA}.Release|iPhoneSimulator.ActiveCfg = Release|Any CPU
		{632920F9-D3A0-44D3-8478-77DA54D1BCEA}.Release|x64.ActiveCfg = Release|Any CPU
		{632920F9-D3A0-44D3-8478-77DA54D1BCEA}.Release|x64.Build.0 = Release|Any CPU
		{632920F9-D3A0-44D3-8478-77DA54D1BCEA}.Release|x86.ActiveCfg = Release|Any CPU
		{632920F9-D3A0-44D3-8478-77DA54D1BCEA}.Release|x86.Build.0 = Release|Any CPU
		{A03E6B15-90F9-4566-9755-6A5F3B39C7DD}.Debug|Any CPU.ActiveCfg = Debug|Any CPU
		{A03E6B15-90F9-4566-9755-6A5F3B39C7DD}.Debug|ARM.ActiveCfg = Debug|Any CPU
		{A03E6B15-90F9-4566-9755-6A5F3B39C7DD}.Debug|iPhone.ActiveCfg = Debug|Any CPU
		{A03E6B15-90F9-4566-9755-6A5F3B39C7DD}.Debug|iPhone.Build.0 = Debug|Any CPU
		{A03E6B15-90F9-4566-9755-6A5F3B39C7DD}.Debug|iPhoneSimulator.ActiveCfg = Debug|Any CPU
		{A03E6B15-90F9-4566-9755-6A5F3B39C7DD}.Debug|iPhoneSimulator.Build.0 = Debug|Any CPU
		{A03E6B15-90F9-4566-9755-6A5F3B39C7DD}.Debug|x64.ActiveCfg = Debug|Any CPU
		{A03E6B15-90F9-4566-9755-6A5F3B39C7DD}.Debug|x86.ActiveCfg = Debug|Any CPU
		{A03E6B15-90F9-4566-9755-6A5F3B39C7DD}.Release|Any CPU.ActiveCfg = Release|Any CPU
		{A03E6B15-90F9-4566-9755-6A5F3B39C7DD}.Release|ARM.ActiveCfg = Release|Any CPU
		{A03E6B15-90F9-4566-9755-6A5F3B39C7DD}.Release|iPhone.ActiveCfg = Release|Any CPU
		{A03E6B15-90F9-4566-9755-6A5F3B39C7DD}.Release|iPhone.Build.0 = Release|Any CPU
		{A03E6B15-90F9-4566-9755-6A5F3B39C7DD}.Release|iPhoneSimulator.ActiveCfg = Release|Any CPU
		{A03E6B15-90F9-4566-9755-6A5F3B39C7DD}.Release|iPhoneSimulator.Build.0 = Release|Any CPU
		{A03E6B15-90F9-4566-9755-6A5F3B39C7DD}.Release|x64.ActiveCfg = Release|Any CPU
		{A03E6B15-90F9-4566-9755-6A5F3B39C7DD}.Release|x86.ActiveCfg = Release|Any CPU
		{E5E12AA0-3557-4D0D-AB00-569E1107A76F}.Debug|Any CPU.ActiveCfg = Debug|Any CPU
		{E5E12AA0-3557-4D0D-AB00-569E1107A76F}.Debug|Any CPU.Build.0 = Debug|Any CPU
		{E5E12AA0-3557-4D0D-AB00-569E1107A76F}.Debug|ARM.ActiveCfg = Debug|Any CPU
		{E5E12AA0-3557-4D0D-AB00-569E1107A76F}.Debug|ARM.Build.0 = Debug|Any CPU
		{E5E12AA0-3557-4D0D-AB00-569E1107A76F}.Debug|iPhone.ActiveCfg = Debug|Any CPU
		{E5E12AA0-3557-4D0D-AB00-569E1107A76F}.Debug|iPhone.Build.0 = Debug|Any CPU
		{E5E12AA0-3557-4D0D-AB00-569E1107A76F}.Debug|iPhoneSimulator.ActiveCfg = Debug|Any CPU
		{E5E12AA0-3557-4D0D-AB00-569E1107A76F}.Debug|iPhoneSimulator.Build.0 = Debug|Any CPU
		{E5E12AA0-3557-4D0D-AB00-569E1107A76F}.Debug|x64.ActiveCfg = Debug|Any CPU
		{E5E12AA0-3557-4D0D-AB00-569E1107A76F}.Debug|x64.Build.0 = Debug|Any CPU
		{E5E12AA0-3557-4D0D-AB00-569E1107A76F}.Debug|x86.ActiveCfg = Debug|Any CPU
		{E5E12AA0-3557-4D0D-AB00-569E1107A76F}.Debug|x86.Build.0 = Debug|Any CPU
		{E5E12AA0-3557-4D0D-AB00-569E1107A76F}.Release|Any CPU.ActiveCfg = Release|Any CPU
		{E5E12AA0-3557-4D0D-AB00-569E1107A76F}.Release|Any CPU.Build.0 = Release|Any CPU
		{E5E12AA0-3557-4D0D-AB00-569E1107A76F}.Release|ARM.ActiveCfg = Release|Any CPU
		{E5E12AA0-3557-4D0D-AB00-569E1107A76F}.Release|ARM.Build.0 = Release|Any CPU
		{E5E12AA0-3557-4D0D-AB00-569E1107A76F}.Release|iPhone.ActiveCfg = Release|Any CPU
		{E5E12AA0-3557-4D0D-AB00-569E1107A76F}.Release|iPhone.Build.0 = Release|Any CPU
		{E5E12AA0-3557-4D0D-AB00-569E1107A76F}.Release|iPhoneSimulator.ActiveCfg = Release|Any CPU
		{E5E12AA0-3557-4D0D-AB00-569E1107A76F}.Release|iPhoneSimulator.Build.0 = Release|Any CPU
		{E5E12AA0-3557-4D0D-AB00-569E1107A76F}.Release|x64.ActiveCfg = Release|Any CPU
		{E5E12AA0-3557-4D0D-AB00-569E1107A76F}.Release|x64.Build.0 = Release|Any CPU
		{E5E12AA0-3557-4D0D-AB00-569E1107A76F}.Release|x86.ActiveCfg = Release|Any CPU
		{E5E12AA0-3557-4D0D-AB00-569E1107A76F}.Release|x86.Build.0 = Release|Any CPU
		{BCAD3A40-E518-4808-9569-2C2A5E33287B}.Debug|Any CPU.ActiveCfg = Debug|Any CPU
		{BCAD3A40-E518-4808-9569-2C2A5E33287B}.Debug|Any CPU.Build.0 = Debug|Any CPU
		{BCAD3A40-E518-4808-9569-2C2A5E33287B}.Debug|ARM.ActiveCfg = Debug|Any CPU
		{BCAD3A40-E518-4808-9569-2C2A5E33287B}.Debug|ARM.Build.0 = Debug|Any CPU
		{BCAD3A40-E518-4808-9569-2C2A5E33287B}.Debug|iPhone.ActiveCfg = Debug|Any CPU
		{BCAD3A40-E518-4808-9569-2C2A5E33287B}.Debug|iPhoneSimulator.ActiveCfg = Debug|Any CPU
		{BCAD3A40-E518-4808-9569-2C2A5E33287B}.Debug|x64.ActiveCfg = Debug|Any CPU
		{BCAD3A40-E518-4808-9569-2C2A5E33287B}.Debug|x64.Build.0 = Debug|Any CPU
		{BCAD3A40-E518-4808-9569-2C2A5E33287B}.Debug|x86.ActiveCfg = Debug|Any CPU
		{BCAD3A40-E518-4808-9569-2C2A5E33287B}.Debug|x86.Build.0 = Debug|Any CPU
		{BCAD3A40-E518-4808-9569-2C2A5E33287B}.Release|Any CPU.ActiveCfg = Release|Any CPU
		{BCAD3A40-E518-4808-9569-2C2A5E33287B}.Release|Any CPU.Build.0 = Release|Any CPU
		{BCAD3A40-E518-4808-9569-2C2A5E33287B}.Release|ARM.ActiveCfg = Release|Any CPU
		{BCAD3A40-E518-4808-9569-2C2A5E33287B}.Release|ARM.Build.0 = Release|Any CPU
		{BCAD3A40-E518-4808-9569-2C2A5E33287B}.Release|iPhone.ActiveCfg = Release|Any CPU
		{BCAD3A40-E518-4808-9569-2C2A5E33287B}.Release|iPhoneSimulator.ActiveCfg = Release|Any CPU
		{BCAD3A40-E518-4808-9569-2C2A5E33287B}.Release|x64.ActiveCfg = Release|Any CPU
		{BCAD3A40-E518-4808-9569-2C2A5E33287B}.Release|x64.Build.0 = Release|Any CPU
		{BCAD3A40-E518-4808-9569-2C2A5E33287B}.Release|x86.ActiveCfg = Release|Any CPU
		{BCAD3A40-E518-4808-9569-2C2A5E33287B}.Release|x86.Build.0 = Release|Any CPU
		{30AB6758-2338-4312-8BD6-6EC3F4158189}.Debug|Any CPU.ActiveCfg = Debug|Any CPU
		{30AB6758-2338-4312-8BD6-6EC3F4158189}.Debug|ARM.ActiveCfg = Debug|Any CPU
		{30AB6758-2338-4312-8BD6-6EC3F4158189}.Debug|iPhone.ActiveCfg = Debug|Any CPU
		{30AB6758-2338-4312-8BD6-6EC3F4158189}.Debug|iPhone.Build.0 = Debug|Any CPU
		{30AB6758-2338-4312-8BD6-6EC3F4158189}.Debug|iPhoneSimulator.ActiveCfg = Debug|Any CPU
		{30AB6758-2338-4312-8BD6-6EC3F4158189}.Debug|iPhoneSimulator.Build.0 = Debug|Any CPU
		{30AB6758-2338-4312-8BD6-6EC3F4158189}.Debug|x64.ActiveCfg = Debug|Any CPU
		{30AB6758-2338-4312-8BD6-6EC3F4158189}.Debug|x86.ActiveCfg = Debug|Any CPU
		{30AB6758-2338-4312-8BD6-6EC3F4158189}.Release|Any CPU.ActiveCfg = Release|Any CPU
		{30AB6758-2338-4312-8BD6-6EC3F4158189}.Release|ARM.ActiveCfg = Release|Any CPU
		{30AB6758-2338-4312-8BD6-6EC3F4158189}.Release|iPhone.ActiveCfg = Release|Any CPU
		{30AB6758-2338-4312-8BD6-6EC3F4158189}.Release|iPhone.Build.0 = Release|Any CPU
		{30AB6758-2338-4312-8BD6-6EC3F4158189}.Release|iPhoneSimulator.ActiveCfg = Release|Any CPU
		{30AB6758-2338-4312-8BD6-6EC3F4158189}.Release|iPhoneSimulator.Build.0 = Release|Any CPU
		{30AB6758-2338-4312-8BD6-6EC3F4158189}.Release|x64.ActiveCfg = Release|Any CPU
		{30AB6758-2338-4312-8BD6-6EC3F4158189}.Release|x86.ActiveCfg = Release|Any CPU
		{C56F4531-5AC8-4887-85FC-08DF0388B64C}.Debug|Any CPU.ActiveCfg = Debug|Any CPU
		{C56F4531-5AC8-4887-85FC-08DF0388B64C}.Debug|Any CPU.Build.0 = Debug|Any CPU
		{C56F4531-5AC8-4887-85FC-08DF0388B64C}.Debug|ARM.ActiveCfg = Debug|Any CPU
		{C56F4531-5AC8-4887-85FC-08DF0388B64C}.Debug|ARM.Build.0 = Debug|Any CPU
		{C56F4531-5AC8-4887-85FC-08DF0388B64C}.Debug|iPhone.ActiveCfg = Debug|Any CPU
		{C56F4531-5AC8-4887-85FC-08DF0388B64C}.Debug|iPhone.Build.0 = Debug|Any CPU
		{C56F4531-5AC8-4887-85FC-08DF0388B64C}.Debug|iPhoneSimulator.ActiveCfg = Debug|Any CPU
		{C56F4531-5AC8-4887-85FC-08DF0388B64C}.Debug|iPhoneSimulator.Build.0 = Debug|Any CPU
		{C56F4531-5AC8-4887-85FC-08DF0388B64C}.Debug|x64.ActiveCfg = Debug|Any CPU
		{C56F4531-5AC8-4887-85FC-08DF0388B64C}.Debug|x64.Build.0 = Debug|Any CPU
		{C56F4531-5AC8-4887-85FC-08DF0388B64C}.Debug|x86.ActiveCfg = Debug|Any CPU
		{C56F4531-5AC8-4887-85FC-08DF0388B64C}.Debug|x86.Build.0 = Debug|Any CPU
		{C56F4531-5AC8-4887-85FC-08DF0388B64C}.Release|Any CPU.ActiveCfg = Release|Any CPU
		{C56F4531-5AC8-4887-85FC-08DF0388B64C}.Release|Any CPU.Build.0 = Release|Any CPU
		{C56F4531-5AC8-4887-85FC-08DF0388B64C}.Release|ARM.ActiveCfg = Release|Any CPU
		{C56F4531-5AC8-4887-85FC-08DF0388B64C}.Release|ARM.Build.0 = Release|Any CPU
		{C56F4531-5AC8-4887-85FC-08DF0388B64C}.Release|iPhone.ActiveCfg = Release|Any CPU
		{C56F4531-5AC8-4887-85FC-08DF0388B64C}.Release|iPhone.Build.0 = Release|Any CPU
		{C56F4531-5AC8-4887-85FC-08DF0388B64C}.Release|iPhoneSimulator.ActiveCfg = Release|Any CPU
		{C56F4531-5AC8-4887-85FC-08DF0388B64C}.Release|iPhoneSimulator.Build.0 = Release|Any CPU
		{C56F4531-5AC8-4887-85FC-08DF0388B64C}.Release|x64.ActiveCfg = Release|Any CPU
		{C56F4531-5AC8-4887-85FC-08DF0388B64C}.Release|x64.Build.0 = Release|Any CPU
		{C56F4531-5AC8-4887-85FC-08DF0388B64C}.Release|x86.ActiveCfg = Release|Any CPU
		{C56F4531-5AC8-4887-85FC-08DF0388B64C}.Release|x86.Build.0 = Release|Any CPU
		{09384CF5-E655-4A34-9F74-4412643B20BF}.Debug|Any CPU.ActiveCfg = Debug|Any CPU
		{09384CF5-E655-4A34-9F74-4412643B20BF}.Debug|ARM.ActiveCfg = Debug|Any CPU
		{09384CF5-E655-4A34-9F74-4412643B20BF}.Debug|iPhone.ActiveCfg = Debug|Any CPU
		{09384CF5-E655-4A34-9F74-4412643B20BF}.Debug|iPhone.Build.0 = Debug|Any CPU
		{09384CF5-E655-4A34-9F74-4412643B20BF}.Debug|iPhoneSimulator.ActiveCfg = Debug|Any CPU
		{09384CF5-E655-4A34-9F74-4412643B20BF}.Debug|iPhoneSimulator.Build.0 = Debug|Any CPU
		{09384CF5-E655-4A34-9F74-4412643B20BF}.Debug|x64.ActiveCfg = Debug|Any CPU
		{09384CF5-E655-4A34-9F74-4412643B20BF}.Debug|x86.ActiveCfg = Debug|Any CPU
		{09384CF5-E655-4A34-9F74-4412643B20BF}.Release|Any CPU.ActiveCfg = Release|Any CPU
		{09384CF5-E655-4A34-9F74-4412643B20BF}.Release|ARM.ActiveCfg = Release|Any CPU
		{09384CF5-E655-4A34-9F74-4412643B20BF}.Release|iPhone.ActiveCfg = Release|Any CPU
		{09384CF5-E655-4A34-9F74-4412643B20BF}.Release|iPhone.Build.0 = Release|Any CPU
		{09384CF5-E655-4A34-9F74-4412643B20BF}.Release|iPhoneSimulator.ActiveCfg = Release|Any CPU
		{09384CF5-E655-4A34-9F74-4412643B20BF}.Release|iPhoneSimulator.Build.0 = Release|Any CPU
		{09384CF5-E655-4A34-9F74-4412643B20BF}.Release|x64.ActiveCfg = Release|Any CPU
		{09384CF5-E655-4A34-9F74-4412643B20BF}.Release|x86.ActiveCfg = Release|Any CPU
		{730BD97F-534D-4E7D-866B-0B85A2831254}.Debug|Any CPU.ActiveCfg = Debug|Any CPU
		{730BD97F-534D-4E7D-866B-0B85A2831254}.Debug|Any CPU.Build.0 = Debug|Any CPU
		{730BD97F-534D-4E7D-866B-0B85A2831254}.Debug|ARM.ActiveCfg = Debug|Any CPU
		{730BD97F-534D-4E7D-866B-0B85A2831254}.Debug|ARM.Build.0 = Debug|Any CPU
		{730BD97F-534D-4E7D-866B-0B85A2831254}.Debug|iPhone.ActiveCfg = Debug|Any CPU
		{730BD97F-534D-4E7D-866B-0B85A2831254}.Debug|iPhone.Build.0 = Debug|Any CPU
		{730BD97F-534D-4E7D-866B-0B85A2831254}.Debug|iPhoneSimulator.ActiveCfg = Debug|Any CPU
		{730BD97F-534D-4E7D-866B-0B85A2831254}.Debug|iPhoneSimulator.Build.0 = Debug|Any CPU
		{730BD97F-534D-4E7D-866B-0B85A2831254}.Debug|x64.ActiveCfg = Debug|Any CPU
		{730BD97F-534D-4E7D-866B-0B85A2831254}.Debug|x64.Build.0 = Debug|Any CPU
		{730BD97F-534D-4E7D-866B-0B85A2831254}.Debug|x86.ActiveCfg = Debug|Any CPU
		{730BD97F-534D-4E7D-866B-0B85A2831254}.Debug|x86.Build.0 = Debug|Any CPU
		{730BD97F-534D-4E7D-866B-0B85A2831254}.Release|Any CPU.ActiveCfg = Release|Any CPU
		{730BD97F-534D-4E7D-866B-0B85A2831254}.Release|Any CPU.Build.0 = Release|Any CPU
		{730BD97F-534D-4E7D-866B-0B85A2831254}.Release|ARM.ActiveCfg = Release|Any CPU
		{730BD97F-534D-4E7D-866B-0B85A2831254}.Release|ARM.Build.0 = Release|Any CPU
		{730BD97F-534D-4E7D-866B-0B85A2831254}.Release|iPhone.ActiveCfg = Release|Any CPU
		{730BD97F-534D-4E7D-866B-0B85A2831254}.Release|iPhone.Build.0 = Release|Any CPU
		{730BD97F-534D-4E7D-866B-0B85A2831254}.Release|iPhoneSimulator.ActiveCfg = Release|Any CPU
		{730BD97F-534D-4E7D-866B-0B85A2831254}.Release|iPhoneSimulator.Build.0 = Release|Any CPU
		{730BD97F-534D-4E7D-866B-0B85A2831254}.Release|x64.ActiveCfg = Release|Any CPU
		{730BD97F-534D-4E7D-866B-0B85A2831254}.Release|x64.Build.0 = Release|Any CPU
		{730BD97F-534D-4E7D-866B-0B85A2831254}.Release|x86.ActiveCfg = Release|Any CPU
		{730BD97F-534D-4E7D-866B-0B85A2831254}.Release|x86.Build.0 = Release|Any CPU
		{F53FA71D-97DF-46DC-B8E1-865B22D65437}.Debug|Any CPU.ActiveCfg = Debug|Any CPU
		{F53FA71D-97DF-46DC-B8E1-865B22D65437}.Debug|Any CPU.Build.0 = Debug|Any CPU
		{F53FA71D-97DF-46DC-B8E1-865B22D65437}.Debug|ARM.ActiveCfg = Debug|Any CPU
		{F53FA71D-97DF-46DC-B8E1-865B22D65437}.Debug|ARM.Build.0 = Debug|Any CPU
		{F53FA71D-97DF-46DC-B8E1-865B22D65437}.Debug|iPhone.ActiveCfg = Debug|Any CPU
		{F53FA71D-97DF-46DC-B8E1-865B22D65437}.Debug|iPhoneSimulator.ActiveCfg = Debug|Any CPU
		{F53FA71D-97DF-46DC-B8E1-865B22D65437}.Debug|x64.ActiveCfg = Debug|Any CPU
		{F53FA71D-97DF-46DC-B8E1-865B22D65437}.Debug|x64.Build.0 = Debug|Any CPU
		{F53FA71D-97DF-46DC-B8E1-865B22D65437}.Debug|x86.ActiveCfg = Debug|Any CPU
		{F53FA71D-97DF-46DC-B8E1-865B22D65437}.Debug|x86.Build.0 = Debug|Any CPU
		{F53FA71D-97DF-46DC-B8E1-865B22D65437}.Release|Any CPU.ActiveCfg = Release|Any CPU
		{F53FA71D-97DF-46DC-B8E1-865B22D65437}.Release|Any CPU.Build.0 = Release|Any CPU
		{F53FA71D-97DF-46DC-B8E1-865B22D65437}.Release|ARM.ActiveCfg = Release|Any CPU
		{F53FA71D-97DF-46DC-B8E1-865B22D65437}.Release|ARM.Build.0 = Release|Any CPU
		{F53FA71D-97DF-46DC-B8E1-865B22D65437}.Release|iPhone.ActiveCfg = Release|Any CPU
		{F53FA71D-97DF-46DC-B8E1-865B22D65437}.Release|iPhoneSimulator.ActiveCfg = Release|Any CPU
		{F53FA71D-97DF-46DC-B8E1-865B22D65437}.Release|x64.ActiveCfg = Release|Any CPU
		{F53FA71D-97DF-46DC-B8E1-865B22D65437}.Release|x64.Build.0 = Release|Any CPU
		{F53FA71D-97DF-46DC-B8E1-865B22D65437}.Release|x86.ActiveCfg = Release|Any CPU
		{F53FA71D-97DF-46DC-B8E1-865B22D65437}.Release|x86.Build.0 = Release|Any CPU
		{8A73352A-558A-4B45-8CD3-BAC0A4D8524E}.Debug|Any CPU.ActiveCfg = Debug|Any CPU
		{8A73352A-558A-4B45-8CD3-BAC0A4D8524E}.Debug|ARM.ActiveCfg = Debug|Any CPU
		{8A73352A-558A-4B45-8CD3-BAC0A4D8524E}.Debug|iPhone.ActiveCfg = Debug|Any CPU
		{8A73352A-558A-4B45-8CD3-BAC0A4D8524E}.Debug|iPhone.Build.0 = Debug|Any CPU
		{8A73352A-558A-4B45-8CD3-BAC0A4D8524E}.Debug|iPhoneSimulator.ActiveCfg = Debug|Any CPU
		{8A73352A-558A-4B45-8CD3-BAC0A4D8524E}.Debug|iPhoneSimulator.Build.0 = Debug|Any CPU
		{8A73352A-558A-4B45-8CD3-BAC0A4D8524E}.Debug|x64.ActiveCfg = Debug|Any CPU
		{8A73352A-558A-4B45-8CD3-BAC0A4D8524E}.Debug|x86.ActiveCfg = Debug|Any CPU
		{8A73352A-558A-4B45-8CD3-BAC0A4D8524E}.Release|Any CPU.ActiveCfg = Release|Any CPU
		{8A73352A-558A-4B45-8CD3-BAC0A4D8524E}.Release|ARM.ActiveCfg = Release|Any CPU
		{8A73352A-558A-4B45-8CD3-BAC0A4D8524E}.Release|iPhone.ActiveCfg = Release|Any CPU
		{8A73352A-558A-4B45-8CD3-BAC0A4D8524E}.Release|iPhone.Build.0 = Release|Any CPU
		{8A73352A-558A-4B45-8CD3-BAC0A4D8524E}.Release|iPhoneSimulator.ActiveCfg = Release|Any CPU
		{8A73352A-558A-4B45-8CD3-BAC0A4D8524E}.Release|iPhoneSimulator.Build.0 = Release|Any CPU
		{8A73352A-558A-4B45-8CD3-BAC0A4D8524E}.Release|x64.ActiveCfg = Release|Any CPU
		{8A73352A-558A-4B45-8CD3-BAC0A4D8524E}.Release|x86.ActiveCfg = Release|Any CPU
		{0B6C27E3-0068-411D-BC70-6B474DBE1FCF}.Debug|Any CPU.ActiveCfg = Debug|Any CPU
		{0B6C27E3-0068-411D-BC70-6B474DBE1FCF}.Debug|Any CPU.Build.0 = Debug|Any CPU
		{0B6C27E3-0068-411D-BC70-6B474DBE1FCF}.Debug|ARM.ActiveCfg = Debug|Any CPU
		{0B6C27E3-0068-411D-BC70-6B474DBE1FCF}.Debug|ARM.Build.0 = Debug|Any CPU
		{0B6C27E3-0068-411D-BC70-6B474DBE1FCF}.Debug|iPhone.ActiveCfg = Debug|Any CPU
		{0B6C27E3-0068-411D-BC70-6B474DBE1FCF}.Debug|iPhone.Build.0 = Debug|Any CPU
		{0B6C27E3-0068-411D-BC70-6B474DBE1FCF}.Debug|iPhoneSimulator.ActiveCfg = Debug|Any CPU
		{0B6C27E3-0068-411D-BC70-6B474DBE1FCF}.Debug|iPhoneSimulator.Build.0 = Debug|Any CPU
		{0B6C27E3-0068-411D-BC70-6B474DBE1FCF}.Debug|x64.ActiveCfg = Debug|Any CPU
		{0B6C27E3-0068-411D-BC70-6B474DBE1FCF}.Debug|x64.Build.0 = Debug|Any CPU
		{0B6C27E3-0068-411D-BC70-6B474DBE1FCF}.Debug|x86.ActiveCfg = Debug|Any CPU
		{0B6C27E3-0068-411D-BC70-6B474DBE1FCF}.Debug|x86.Build.0 = Debug|Any CPU
		{0B6C27E3-0068-411D-BC70-6B474DBE1FCF}.Release|Any CPU.ActiveCfg = Release|Any CPU
		{0B6C27E3-0068-411D-BC70-6B474DBE1FCF}.Release|Any CPU.Build.0 = Release|Any CPU
		{0B6C27E3-0068-411D-BC70-6B474DBE1FCF}.Release|ARM.ActiveCfg = Release|Any CPU
		{0B6C27E3-0068-411D-BC70-6B474DBE1FCF}.Release|ARM.Build.0 = Release|Any CPU
		{0B6C27E3-0068-411D-BC70-6B474DBE1FCF}.Release|iPhone.ActiveCfg = Release|Any CPU
		{0B6C27E3-0068-411D-BC70-6B474DBE1FCF}.Release|iPhone.Build.0 = Release|Any CPU
		{0B6C27E3-0068-411D-BC70-6B474DBE1FCF}.Release|iPhoneSimulator.ActiveCfg = Release|Any CPU
		{0B6C27E3-0068-411D-BC70-6B474DBE1FCF}.Release|iPhoneSimulator.Build.0 = Release|Any CPU
		{0B6C27E3-0068-411D-BC70-6B474DBE1FCF}.Release|x64.ActiveCfg = Release|Any CPU
		{0B6C27E3-0068-411D-BC70-6B474DBE1FCF}.Release|x64.Build.0 = Release|Any CPU
		{0B6C27E3-0068-411D-BC70-6B474DBE1FCF}.Release|x86.ActiveCfg = Release|Any CPU
		{0B6C27E3-0068-411D-BC70-6B474DBE1FCF}.Release|x86.Build.0 = Release|Any CPU
		{C9DBCF37-22E7-491B-AED8-192CF03CEBF6}.Debug|Any CPU.ActiveCfg = Debug|Any CPU
		{C9DBCF37-22E7-491B-AED8-192CF03CEBF6}.Debug|Any CPU.Build.0 = Debug|Any CPU
		{C9DBCF37-22E7-491B-AED8-192CF03CEBF6}.Debug|ARM.ActiveCfg = Debug|Any CPU
		{C9DBCF37-22E7-491B-AED8-192CF03CEBF6}.Debug|ARM.Build.0 = Debug|Any CPU
		{C9DBCF37-22E7-491B-AED8-192CF03CEBF6}.Debug|iPhone.ActiveCfg = Debug|Any CPU
		{C9DBCF37-22E7-491B-AED8-192CF03CEBF6}.Debug|iPhone.Build.0 = Debug|Any CPU
		{C9DBCF37-22E7-491B-AED8-192CF03CEBF6}.Debug|iPhoneSimulator.ActiveCfg = Debug|Any CPU
		{C9DBCF37-22E7-491B-AED8-192CF03CEBF6}.Debug|iPhoneSimulator.Build.0 = Debug|Any CPU
		{C9DBCF37-22E7-491B-AED8-192CF03CEBF6}.Debug|x64.ActiveCfg = Debug|Any CPU
		{C9DBCF37-22E7-491B-AED8-192CF03CEBF6}.Debug|x64.Build.0 = Debug|Any CPU
		{C9DBCF37-22E7-491B-AED8-192CF03CEBF6}.Debug|x86.ActiveCfg = Debug|Any CPU
		{C9DBCF37-22E7-491B-AED8-192CF03CEBF6}.Debug|x86.Build.0 = Debug|Any CPU
		{C9DBCF37-22E7-491B-AED8-192CF03CEBF6}.Release|Any CPU.ActiveCfg = Release|Any CPU
		{C9DBCF37-22E7-491B-AED8-192CF03CEBF6}.Release|Any CPU.Build.0 = Release|Any CPU
		{C9DBCF37-22E7-491B-AED8-192CF03CEBF6}.Release|ARM.ActiveCfg = Release|Any CPU
		{C9DBCF37-22E7-491B-AED8-192CF03CEBF6}.Release|ARM.Build.0 = Release|Any CPU
		{C9DBCF37-22E7-491B-AED8-192CF03CEBF6}.Release|iPhone.ActiveCfg = Release|Any CPU
		{C9DBCF37-22E7-491B-AED8-192CF03CEBF6}.Release|iPhone.Build.0 = Release|Any CPU
		{C9DBCF37-22E7-491B-AED8-192CF03CEBF6}.Release|iPhoneSimulator.ActiveCfg = Release|Any CPU
		{C9DBCF37-22E7-491B-AED8-192CF03CEBF6}.Release|iPhoneSimulator.Build.0 = Release|Any CPU
		{C9DBCF37-22E7-491B-AED8-192CF03CEBF6}.Release|x64.ActiveCfg = Release|Any CPU
		{C9DBCF37-22E7-491B-AED8-192CF03CEBF6}.Release|x64.Build.0 = Release|Any CPU
		{C9DBCF37-22E7-491B-AED8-192CF03CEBF6}.Release|x86.ActiveCfg = Release|Any CPU
		{C9DBCF37-22E7-491B-AED8-192CF03CEBF6}.Release|x86.Build.0 = Release|Any CPU
		{6B752022-75B9-4207-9AED-D9D2D5191042}.Debug|Any CPU.ActiveCfg = Debug|Any CPU
		{6B752022-75B9-4207-9AED-D9D2D5191042}.Debug|Any CPU.Build.0 = Debug|Any CPU
		{6B752022-75B9-4207-9AED-D9D2D5191042}.Debug|ARM.ActiveCfg = Debug|Any CPU
		{6B752022-75B9-4207-9AED-D9D2D5191042}.Debug|ARM.Build.0 = Debug|Any CPU
		{6B752022-75B9-4207-9AED-D9D2D5191042}.Debug|iPhone.ActiveCfg = Debug|Any CPU
		{6B752022-75B9-4207-9AED-D9D2D5191042}.Debug|iPhoneSimulator.ActiveCfg = Debug|Any CPU
		{6B752022-75B9-4207-9AED-D9D2D5191042}.Debug|x64.ActiveCfg = Debug|Any CPU
		{6B752022-75B9-4207-9AED-D9D2D5191042}.Debug|x64.Build.0 = Debug|Any CPU
		{6B752022-75B9-4207-9AED-D9D2D5191042}.Debug|x86.ActiveCfg = Debug|Any CPU
		{6B752022-75B9-4207-9AED-D9D2D5191042}.Debug|x86.Build.0 = Debug|Any CPU
		{6B752022-75B9-4207-9AED-D9D2D5191042}.Release|Any CPU.ActiveCfg = Release|Any CPU
		{6B752022-75B9-4207-9AED-D9D2D5191042}.Release|Any CPU.Build.0 = Release|Any CPU
		{6B752022-75B9-4207-9AED-D9D2D5191042}.Release|ARM.ActiveCfg = Release|Any CPU
		{6B752022-75B9-4207-9AED-D9D2D5191042}.Release|ARM.Build.0 = Release|Any CPU
		{6B752022-75B9-4207-9AED-D9D2D5191042}.Release|iPhone.ActiveCfg = Release|Any CPU
		{6B752022-75B9-4207-9AED-D9D2D5191042}.Release|iPhoneSimulator.ActiveCfg = Release|Any CPU
		{6B752022-75B9-4207-9AED-D9D2D5191042}.Release|x64.ActiveCfg = Release|Any CPU
		{6B752022-75B9-4207-9AED-D9D2D5191042}.Release|x64.Build.0 = Release|Any CPU
		{6B752022-75B9-4207-9AED-D9D2D5191042}.Release|x86.ActiveCfg = Release|Any CPU
		{6B752022-75B9-4207-9AED-D9D2D5191042}.Release|x86.Build.0 = Release|Any CPU
		{39AD1378-B9E5-44A1-8242-F698061C8D43}.Debug|Any CPU.ActiveCfg = Debug|Any CPU
		{39AD1378-B9E5-44A1-8242-F698061C8D43}.Debug|ARM.ActiveCfg = Debug|Any CPU
		{39AD1378-B9E5-44A1-8242-F698061C8D43}.Debug|iPhone.ActiveCfg = Debug|Any CPU
		{39AD1378-B9E5-44A1-8242-F698061C8D43}.Debug|iPhone.Build.0 = Debug|Any CPU
		{39AD1378-B9E5-44A1-8242-F698061C8D43}.Debug|iPhoneSimulator.ActiveCfg = Debug|Any CPU
		{39AD1378-B9E5-44A1-8242-F698061C8D43}.Debug|iPhoneSimulator.Build.0 = Debug|Any CPU
		{39AD1378-B9E5-44A1-8242-F698061C8D43}.Debug|x64.ActiveCfg = Debug|Any CPU
		{39AD1378-B9E5-44A1-8242-F698061C8D43}.Debug|x86.ActiveCfg = Debug|Any CPU
		{39AD1378-B9E5-44A1-8242-F698061C8D43}.Release|Any CPU.ActiveCfg = Release|Any CPU
		{39AD1378-B9E5-44A1-8242-F698061C8D43}.Release|ARM.ActiveCfg = Release|Any CPU
		{39AD1378-B9E5-44A1-8242-F698061C8D43}.Release|iPhone.ActiveCfg = Release|Any CPU
		{39AD1378-B9E5-44A1-8242-F698061C8D43}.Release|iPhone.Build.0 = Release|Any CPU
		{39AD1378-B9E5-44A1-8242-F698061C8D43}.Release|iPhoneSimulator.ActiveCfg = Release|Any CPU
		{39AD1378-B9E5-44A1-8242-F698061C8D43}.Release|iPhoneSimulator.Build.0 = Release|Any CPU
		{39AD1378-B9E5-44A1-8242-F698061C8D43}.Release|x64.ActiveCfg = Release|Any CPU
		{39AD1378-B9E5-44A1-8242-F698061C8D43}.Release|x86.ActiveCfg = Release|Any CPU
		{23187722-4D63-4212-AB79-A886790E00D9}.Debug|Any CPU.ActiveCfg = Debug|Any CPU
		{23187722-4D63-4212-AB79-A886790E00D9}.Debug|Any CPU.Build.0 = Debug|Any CPU
		{23187722-4D63-4212-AB79-A886790E00D9}.Debug|ARM.ActiveCfg = Debug|Any CPU
		{23187722-4D63-4212-AB79-A886790E00D9}.Debug|ARM.Build.0 = Debug|Any CPU
		{23187722-4D63-4212-AB79-A886790E00D9}.Debug|iPhone.ActiveCfg = Debug|Any CPU
		{23187722-4D63-4212-AB79-A886790E00D9}.Debug|iPhone.Build.0 = Debug|Any CPU
		{23187722-4D63-4212-AB79-A886790E00D9}.Debug|iPhoneSimulator.ActiveCfg = Debug|Any CPU
		{23187722-4D63-4212-AB79-A886790E00D9}.Debug|iPhoneSimulator.Build.0 = Debug|Any CPU
		{23187722-4D63-4212-AB79-A886790E00D9}.Debug|x64.ActiveCfg = Debug|Any CPU
		{23187722-4D63-4212-AB79-A886790E00D9}.Debug|x64.Build.0 = Debug|Any CPU
		{23187722-4D63-4212-AB79-A886790E00D9}.Debug|x86.ActiveCfg = Debug|Any CPU
		{23187722-4D63-4212-AB79-A886790E00D9}.Debug|x86.Build.0 = Debug|Any CPU
		{23187722-4D63-4212-AB79-A886790E00D9}.Release|Any CPU.ActiveCfg = Release|Any CPU
		{23187722-4D63-4212-AB79-A886790E00D9}.Release|Any CPU.Build.0 = Release|Any CPU
		{23187722-4D63-4212-AB79-A886790E00D9}.Release|ARM.ActiveCfg = Release|Any CPU
		{23187722-4D63-4212-AB79-A886790E00D9}.Release|ARM.Build.0 = Release|Any CPU
		{23187722-4D63-4212-AB79-A886790E00D9}.Release|iPhone.ActiveCfg = Release|Any CPU
		{23187722-4D63-4212-AB79-A886790E00D9}.Release|iPhone.Build.0 = Release|Any CPU
		{23187722-4D63-4212-AB79-A886790E00D9}.Release|iPhoneSimulator.ActiveCfg = Release|Any CPU
		{23187722-4D63-4212-AB79-A886790E00D9}.Release|iPhoneSimulator.Build.0 = Release|Any CPU
		{23187722-4D63-4212-AB79-A886790E00D9}.Release|x64.ActiveCfg = Release|Any CPU
		{23187722-4D63-4212-AB79-A886790E00D9}.Release|x64.Build.0 = Release|Any CPU
		{23187722-4D63-4212-AB79-A886790E00D9}.Release|x86.ActiveCfg = Release|Any CPU
		{23187722-4D63-4212-AB79-A886790E00D9}.Release|x86.Build.0 = Release|Any CPU
		{595E98BA-8E1E-40F3-9747-F1A58D3928C7}.Debug|Any CPU.ActiveCfg = Debug|Any CPU
		{595E98BA-8E1E-40F3-9747-F1A58D3928C7}.Debug|Any CPU.Build.0 = Debug|Any CPU
		{595E98BA-8E1E-40F3-9747-F1A58D3928C7}.Debug|ARM.ActiveCfg = Debug|Any CPU
		{595E98BA-8E1E-40F3-9747-F1A58D3928C7}.Debug|ARM.Build.0 = Debug|Any CPU
		{595E98BA-8E1E-40F3-9747-F1A58D3928C7}.Debug|iPhone.ActiveCfg = Debug|Any CPU
		{595E98BA-8E1E-40F3-9747-F1A58D3928C7}.Debug|iPhoneSimulator.ActiveCfg = Debug|Any CPU
		{595E98BA-8E1E-40F3-9747-F1A58D3928C7}.Debug|x64.ActiveCfg = Debug|Any CPU
		{595E98BA-8E1E-40F3-9747-F1A58D3928C7}.Debug|x64.Build.0 = Debug|Any CPU
		{595E98BA-8E1E-40F3-9747-F1A58D3928C7}.Debug|x86.ActiveCfg = Debug|Any CPU
		{595E98BA-8E1E-40F3-9747-F1A58D3928C7}.Debug|x86.Build.0 = Debug|Any CPU
		{595E98BA-8E1E-40F3-9747-F1A58D3928C7}.Release|Any CPU.ActiveCfg = Release|Any CPU
		{595E98BA-8E1E-40F3-9747-F1A58D3928C7}.Release|Any CPU.Build.0 = Release|Any CPU
		{595E98BA-8E1E-40F3-9747-F1A58D3928C7}.Release|ARM.ActiveCfg = Release|Any CPU
		{595E98BA-8E1E-40F3-9747-F1A58D3928C7}.Release|ARM.Build.0 = Release|Any CPU
		{595E98BA-8E1E-40F3-9747-F1A58D3928C7}.Release|iPhone.ActiveCfg = Release|Any CPU
		{595E98BA-8E1E-40F3-9747-F1A58D3928C7}.Release|iPhoneSimulator.ActiveCfg = Release|Any CPU
		{595E98BA-8E1E-40F3-9747-F1A58D3928C7}.Release|x64.ActiveCfg = Release|Any CPU
		{595E98BA-8E1E-40F3-9747-F1A58D3928C7}.Release|x64.Build.0 = Release|Any CPU
		{595E98BA-8E1E-40F3-9747-F1A58D3928C7}.Release|x86.ActiveCfg = Release|Any CPU
		{595E98BA-8E1E-40F3-9747-F1A58D3928C7}.Release|x86.Build.0 = Release|Any CPU
		{E71F3053-056C-4381-9638-048ED73BDFF6}.Debug|Any CPU.ActiveCfg = Debug|Any CPU
		{E71F3053-056C-4381-9638-048ED73BDFF6}.Debug|ARM.ActiveCfg = Debug|Any CPU
		{E71F3053-056C-4381-9638-048ED73BDFF6}.Debug|iPhone.ActiveCfg = Debug|Any CPU
		{E71F3053-056C-4381-9638-048ED73BDFF6}.Debug|iPhone.Build.0 = Debug|Any CPU
		{E71F3053-056C-4381-9638-048ED73BDFF6}.Debug|iPhoneSimulator.ActiveCfg = Debug|Any CPU
		{E71F3053-056C-4381-9638-048ED73BDFF6}.Debug|iPhoneSimulator.Build.0 = Debug|Any CPU
		{E71F3053-056C-4381-9638-048ED73BDFF6}.Debug|x64.ActiveCfg = Debug|Any CPU
		{E71F3053-056C-4381-9638-048ED73BDFF6}.Debug|x86.ActiveCfg = Debug|Any CPU
		{E71F3053-056C-4381-9638-048ED73BDFF6}.Release|Any CPU.ActiveCfg = Release|Any CPU
		{E71F3053-056C-4381-9638-048ED73BDFF6}.Release|ARM.ActiveCfg = Release|Any CPU
		{E71F3053-056C-4381-9638-048ED73BDFF6}.Release|iPhone.ActiveCfg = Release|Any CPU
		{E71F3053-056C-4381-9638-048ED73BDFF6}.Release|iPhone.Build.0 = Release|Any CPU
		{E71F3053-056C-4381-9638-048ED73BDFF6}.Release|iPhoneSimulator.ActiveCfg = Release|Any CPU
		{E71F3053-056C-4381-9638-048ED73BDFF6}.Release|iPhoneSimulator.Build.0 = Release|Any CPU
		{E71F3053-056C-4381-9638-048ED73BDFF6}.Release|x64.ActiveCfg = Release|Any CPU
		{E71F3053-056C-4381-9638-048ED73BDFF6}.Release|x86.ActiveCfg = Release|Any CPU
		{A4A4B555-35D6-4AE7-95CB-394AC7C5D7E8}.Debug|Any CPU.ActiveCfg = Debug|Any CPU
		{A4A4B555-35D6-4AE7-95CB-394AC7C5D7E8}.Debug|Any CPU.Build.0 = Debug|Any CPU
		{A4A4B555-35D6-4AE7-95CB-394AC7C5D7E8}.Debug|ARM.ActiveCfg = Debug|Any CPU
		{A4A4B555-35D6-4AE7-95CB-394AC7C5D7E8}.Debug|ARM.Build.0 = Debug|Any CPU
		{A4A4B555-35D6-4AE7-95CB-394AC7C5D7E8}.Debug|iPhone.ActiveCfg = Debug|Any CPU
		{A4A4B555-35D6-4AE7-95CB-394AC7C5D7E8}.Debug|iPhoneSimulator.ActiveCfg = Debug|Any CPU
		{A4A4B555-35D6-4AE7-95CB-394AC7C5D7E8}.Debug|x64.ActiveCfg = Debug|Any CPU
		{A4A4B555-35D6-4AE7-95CB-394AC7C5D7E8}.Debug|x64.Build.0 = Debug|Any CPU
		{A4A4B555-35D6-4AE7-95CB-394AC7C5D7E8}.Debug|x86.ActiveCfg = Debug|Any CPU
		{A4A4B555-35D6-4AE7-95CB-394AC7C5D7E8}.Debug|x86.Build.0 = Debug|Any CPU
		{A4A4B555-35D6-4AE7-95CB-394AC7C5D7E8}.Release|Any CPU.ActiveCfg = Release|Any CPU
		{A4A4B555-35D6-4AE7-95CB-394AC7C5D7E8}.Release|Any CPU.Build.0 = Release|Any CPU
		{A4A4B555-35D6-4AE7-95CB-394AC7C5D7E8}.Release|ARM.ActiveCfg = Release|Any CPU
		{A4A4B555-35D6-4AE7-95CB-394AC7C5D7E8}.Release|ARM.Build.0 = Release|Any CPU
		{A4A4B555-35D6-4AE7-95CB-394AC7C5D7E8}.Release|iPhone.ActiveCfg = Release|Any CPU
		{A4A4B555-35D6-4AE7-95CB-394AC7C5D7E8}.Release|iPhoneSimulator.ActiveCfg = Release|Any CPU
		{A4A4B555-35D6-4AE7-95CB-394AC7C5D7E8}.Release|x64.ActiveCfg = Release|Any CPU
		{A4A4B555-35D6-4AE7-95CB-394AC7C5D7E8}.Release|x64.Build.0 = Release|Any CPU
		{A4A4B555-35D6-4AE7-95CB-394AC7C5D7E8}.Release|x86.ActiveCfg = Release|Any CPU
		{A4A4B555-35D6-4AE7-95CB-394AC7C5D7E8}.Release|x86.Build.0 = Release|Any CPU
		{D5FE33E2-9A6C-418C-9F5D-EFD3D08E8857}.Debug|Any CPU.ActiveCfg = Debug|Any CPU
		{D5FE33E2-9A6C-418C-9F5D-EFD3D08E8857}.Debug|Any CPU.Build.0 = Debug|Any CPU
		{D5FE33E2-9A6C-418C-9F5D-EFD3D08E8857}.Debug|ARM.ActiveCfg = Debug|Any CPU
		{D5FE33E2-9A6C-418C-9F5D-EFD3D08E8857}.Debug|ARM.Build.0 = Debug|Any CPU
		{D5FE33E2-9A6C-418C-9F5D-EFD3D08E8857}.Debug|iPhone.ActiveCfg = Debug|Any CPU
		{D5FE33E2-9A6C-418C-9F5D-EFD3D08E8857}.Debug|iPhone.Build.0 = Debug|Any CPU
		{D5FE33E2-9A6C-418C-9F5D-EFD3D08E8857}.Debug|iPhoneSimulator.ActiveCfg = Debug|Any CPU
		{D5FE33E2-9A6C-418C-9F5D-EFD3D08E8857}.Debug|iPhoneSimulator.Build.0 = Debug|Any CPU
		{D5FE33E2-9A6C-418C-9F5D-EFD3D08E8857}.Debug|x64.ActiveCfg = Debug|Any CPU
		{D5FE33E2-9A6C-418C-9F5D-EFD3D08E8857}.Debug|x64.Build.0 = Debug|Any CPU
		{D5FE33E2-9A6C-418C-9F5D-EFD3D08E8857}.Debug|x86.ActiveCfg = Debug|Any CPU
		{D5FE33E2-9A6C-418C-9F5D-EFD3D08E8857}.Debug|x86.Build.0 = Debug|Any CPU
		{D5FE33E2-9A6C-418C-9F5D-EFD3D08E8857}.Release|Any CPU.ActiveCfg = Release|Any CPU
		{D5FE33E2-9A6C-418C-9F5D-EFD3D08E8857}.Release|Any CPU.Build.0 = Release|Any CPU
		{D5FE33E2-9A6C-418C-9F5D-EFD3D08E8857}.Release|ARM.ActiveCfg = Release|Any CPU
		{D5FE33E2-9A6C-418C-9F5D-EFD3D08E8857}.Release|ARM.Build.0 = Release|Any CPU
		{D5FE33E2-9A6C-418C-9F5D-EFD3D08E8857}.Release|iPhone.ActiveCfg = Release|Any CPU
		{D5FE33E2-9A6C-418C-9F5D-EFD3D08E8857}.Release|iPhone.Build.0 = Release|Any CPU
		{D5FE33E2-9A6C-418C-9F5D-EFD3D08E8857}.Release|iPhoneSimulator.ActiveCfg = Release|Any CPU
		{D5FE33E2-9A6C-418C-9F5D-EFD3D08E8857}.Release|iPhoneSimulator.Build.0 = Release|Any CPU
		{D5FE33E2-9A6C-418C-9F5D-EFD3D08E8857}.Release|x64.ActiveCfg = Release|Any CPU
		{D5FE33E2-9A6C-418C-9F5D-EFD3D08E8857}.Release|x64.Build.0 = Release|Any CPU
		{D5FE33E2-9A6C-418C-9F5D-EFD3D08E8857}.Release|x86.ActiveCfg = Release|Any CPU
		{D5FE33E2-9A6C-418C-9F5D-EFD3D08E8857}.Release|x86.Build.0 = Release|Any CPU
		{C2687C1E-A5DF-4303-81D2-C8331B8B4189}.Debug|Any CPU.ActiveCfg = Debug|Any CPU
		{C2687C1E-A5DF-4303-81D2-C8331B8B4189}.Debug|ARM.ActiveCfg = Debug|Any CPU
		{C2687C1E-A5DF-4303-81D2-C8331B8B4189}.Debug|iPhone.ActiveCfg = Debug|Any CPU
		{C2687C1E-A5DF-4303-81D2-C8331B8B4189}.Debug|iPhoneSimulator.ActiveCfg = Debug|Any CPU
		{C2687C1E-A5DF-4303-81D2-C8331B8B4189}.Debug|x64.ActiveCfg = Debug|Any CPU
		{C2687C1E-A5DF-4303-81D2-C8331B8B4189}.Debug|x86.ActiveCfg = Debug|Any CPU
		{C2687C1E-A5DF-4303-81D2-C8331B8B4189}.Release|Any CPU.ActiveCfg = Release|Any CPU
		{C2687C1E-A5DF-4303-81D2-C8331B8B4189}.Release|Any CPU.Build.0 = Release|Any CPU
		{C2687C1E-A5DF-4303-81D2-C8331B8B4189}.Release|ARM.ActiveCfg = Release|Any CPU
		{C2687C1E-A5DF-4303-81D2-C8331B8B4189}.Release|ARM.Build.0 = Release|Any CPU
		{C2687C1E-A5DF-4303-81D2-C8331B8B4189}.Release|iPhone.ActiveCfg = Release|Any CPU
		{C2687C1E-A5DF-4303-81D2-C8331B8B4189}.Release|iPhone.Build.0 = Release|Any CPU
		{C2687C1E-A5DF-4303-81D2-C8331B8B4189}.Release|iPhoneSimulator.ActiveCfg = Release|Any CPU
		{C2687C1E-A5DF-4303-81D2-C8331B8B4189}.Release|iPhoneSimulator.Build.0 = Release|Any CPU
		{C2687C1E-A5DF-4303-81D2-C8331B8B4189}.Release|x64.ActiveCfg = Release|Any CPU
		{C2687C1E-A5DF-4303-81D2-C8331B8B4189}.Release|x86.ActiveCfg = Release|Any CPU
		{C2687C1E-A5DF-4303-81D2-C8331B8B4189}.Release|x86.Build.0 = Release|Any CPU
		{2941380A-196A-456D-9B97-2B34F8DF2CD6}.Debug|Any CPU.ActiveCfg = Debug|Any CPU
		{2941380A-196A-456D-9B97-2B34F8DF2CD6}.Debug|Any CPU.Build.0 = Debug|Any CPU
		{2941380A-196A-456D-9B97-2B34F8DF2CD6}.Debug|ARM.ActiveCfg = Debug|Any CPU
		{2941380A-196A-456D-9B97-2B34F8DF2CD6}.Debug|ARM.Build.0 = Debug|Any CPU
		{2941380A-196A-456D-9B97-2B34F8DF2CD6}.Debug|iPhone.ActiveCfg = Debug|Any CPU
		{2941380A-196A-456D-9B97-2B34F8DF2CD6}.Debug|iPhoneSimulator.ActiveCfg = Debug|Any CPU
		{2941380A-196A-456D-9B97-2B34F8DF2CD6}.Debug|x64.ActiveCfg = Debug|Any CPU
		{2941380A-196A-456D-9B97-2B34F8DF2CD6}.Debug|x64.Build.0 = Debug|Any CPU
		{2941380A-196A-456D-9B97-2B34F8DF2CD6}.Debug|x86.ActiveCfg = Debug|Any CPU
		{2941380A-196A-456D-9B97-2B34F8DF2CD6}.Debug|x86.Build.0 = Debug|Any CPU
		{2941380A-196A-456D-9B97-2B34F8DF2CD6}.Release|Any CPU.ActiveCfg = Release|Any CPU
		{2941380A-196A-456D-9B97-2B34F8DF2CD6}.Release|Any CPU.Build.0 = Release|Any CPU
		{2941380A-196A-456D-9B97-2B34F8DF2CD6}.Release|ARM.ActiveCfg = Release|Any CPU
		{2941380A-196A-456D-9B97-2B34F8DF2CD6}.Release|ARM.Build.0 = Release|Any CPU
		{2941380A-196A-456D-9B97-2B34F8DF2CD6}.Release|iPhone.ActiveCfg = Release|Any CPU
		{2941380A-196A-456D-9B97-2B34F8DF2CD6}.Release|iPhoneSimulator.ActiveCfg = Release|Any CPU
		{2941380A-196A-456D-9B97-2B34F8DF2CD6}.Release|x64.ActiveCfg = Release|Any CPU
		{2941380A-196A-456D-9B97-2B34F8DF2CD6}.Release|x64.Build.0 = Release|Any CPU
		{2941380A-196A-456D-9B97-2B34F8DF2CD6}.Release|x86.ActiveCfg = Release|Any CPU
		{2941380A-196A-456D-9B97-2B34F8DF2CD6}.Release|x86.Build.0 = Release|Any CPU
		{21B0A3DB-9B8B-4023-8B9E-8134D1B229DD}.Debug|Any CPU.ActiveCfg = Debug|Any CPU
		{21B0A3DB-9B8B-4023-8B9E-8134D1B229DD}.Debug|Any CPU.Build.0 = Debug|Any CPU
		{21B0A3DB-9B8B-4023-8B9E-8134D1B229DD}.Debug|ARM.ActiveCfg = Debug|Any CPU
		{21B0A3DB-9B8B-4023-8B9E-8134D1B229DD}.Debug|ARM.Build.0 = Debug|Any CPU
		{21B0A3DB-9B8B-4023-8B9E-8134D1B229DD}.Debug|iPhone.ActiveCfg = Debug|Any CPU
		{21B0A3DB-9B8B-4023-8B9E-8134D1B229DD}.Debug|iPhone.Build.0 = Debug|Any CPU
		{21B0A3DB-9B8B-4023-8B9E-8134D1B229DD}.Debug|iPhoneSimulator.ActiveCfg = Debug|Any CPU
		{21B0A3DB-9B8B-4023-8B9E-8134D1B229DD}.Debug|iPhoneSimulator.Build.0 = Debug|Any CPU
		{21B0A3DB-9B8B-4023-8B9E-8134D1B229DD}.Debug|x64.ActiveCfg = Debug|Any CPU
		{21B0A3DB-9B8B-4023-8B9E-8134D1B229DD}.Debug|x64.Build.0 = Debug|Any CPU
		{21B0A3DB-9B8B-4023-8B9E-8134D1B229DD}.Debug|x86.ActiveCfg = Debug|Any CPU
		{21B0A3DB-9B8B-4023-8B9E-8134D1B229DD}.Debug|x86.Build.0 = Debug|Any CPU
		{21B0A3DB-9B8B-4023-8B9E-8134D1B229DD}.Release|Any CPU.ActiveCfg = Release|Any CPU
		{21B0A3DB-9B8B-4023-8B9E-8134D1B229DD}.Release|Any CPU.Build.0 = Release|Any CPU
		{21B0A3DB-9B8B-4023-8B9E-8134D1B229DD}.Release|ARM.ActiveCfg = Release|Any CPU
		{21B0A3DB-9B8B-4023-8B9E-8134D1B229DD}.Release|ARM.Build.0 = Release|Any CPU
		{21B0A3DB-9B8B-4023-8B9E-8134D1B229DD}.Release|iPhone.ActiveCfg = Release|Any CPU
		{21B0A3DB-9B8B-4023-8B9E-8134D1B229DD}.Release|iPhone.Build.0 = Release|Any CPU
		{21B0A3DB-9B8B-4023-8B9E-8134D1B229DD}.Release|iPhoneSimulator.ActiveCfg = Release|Any CPU
		{21B0A3DB-9B8B-4023-8B9E-8134D1B229DD}.Release|iPhoneSimulator.Build.0 = Release|Any CPU
		{21B0A3DB-9B8B-4023-8B9E-8134D1B229DD}.Release|x64.ActiveCfg = Release|Any CPU
		{21B0A3DB-9B8B-4023-8B9E-8134D1B229DD}.Release|x64.Build.0 = Release|Any CPU
		{21B0A3DB-9B8B-4023-8B9E-8134D1B229DD}.Release|x86.ActiveCfg = Release|Any CPU
		{21B0A3DB-9B8B-4023-8B9E-8134D1B229DD}.Release|x86.Build.0 = Release|Any CPU
		{62D24432-4C62-4479-BBF9-07EA2F44C864}.Debug|Any CPU.ActiveCfg = Debug|Any CPU
		{62D24432-4C62-4479-BBF9-07EA2F44C864}.Debug|Any CPU.Build.0 = Debug|Any CPU
		{62D24432-4C62-4479-BBF9-07EA2F44C864}.Debug|ARM.ActiveCfg = Debug|Any CPU
		{62D24432-4C62-4479-BBF9-07EA2F44C864}.Debug|ARM.Build.0 = Debug|Any CPU
		{62D24432-4C62-4479-BBF9-07EA2F44C864}.Debug|iPhone.ActiveCfg = Debug|Any CPU
		{62D24432-4C62-4479-BBF9-07EA2F44C864}.Debug|iPhoneSimulator.ActiveCfg = Debug|Any CPU
		{62D24432-4C62-4479-BBF9-07EA2F44C864}.Debug|x64.ActiveCfg = Debug|Any CPU
		{62D24432-4C62-4479-BBF9-07EA2F44C864}.Debug|x64.Build.0 = Debug|Any CPU
		{62D24432-4C62-4479-BBF9-07EA2F44C864}.Debug|x86.ActiveCfg = Debug|Any CPU
		{62D24432-4C62-4479-BBF9-07EA2F44C864}.Debug|x86.Build.0 = Debug|Any CPU
		{62D24432-4C62-4479-BBF9-07EA2F44C864}.Release|Any CPU.ActiveCfg = Release|Any CPU
		{62D24432-4C62-4479-BBF9-07EA2F44C864}.Release|Any CPU.Build.0 = Release|Any CPU
		{62D24432-4C62-4479-BBF9-07EA2F44C864}.Release|ARM.ActiveCfg = Release|Any CPU
		{62D24432-4C62-4479-BBF9-07EA2F44C864}.Release|ARM.Build.0 = Release|Any CPU
		{62D24432-4C62-4479-BBF9-07EA2F44C864}.Release|iPhone.ActiveCfg = Release|Any CPU
		{62D24432-4C62-4479-BBF9-07EA2F44C864}.Release|iPhoneSimulator.ActiveCfg = Release|Any CPU
		{62D24432-4C62-4479-BBF9-07EA2F44C864}.Release|x64.ActiveCfg = Release|Any CPU
		{62D24432-4C62-4479-BBF9-07EA2F44C864}.Release|x64.Build.0 = Release|Any CPU
		{62D24432-4C62-4479-BBF9-07EA2F44C864}.Release|x86.ActiveCfg = Release|Any CPU
		{62D24432-4C62-4479-BBF9-07EA2F44C864}.Release|x86.Build.0 = Release|Any CPU
		{07FCC933-A923-4C69-9604-2FCEBE796C05}.Debug|Any CPU.ActiveCfg = Debug|Any CPU
		{07FCC933-A923-4C69-9604-2FCEBE796C05}.Debug|ARM.ActiveCfg = Debug|Any CPU
		{07FCC933-A923-4C69-9604-2FCEBE796C05}.Debug|iPhone.ActiveCfg = Debug|Any CPU
		{07FCC933-A923-4C69-9604-2FCEBE796C05}.Debug|iPhone.Build.0 = Debug|Any CPU
		{07FCC933-A923-4C69-9604-2FCEBE796C05}.Debug|iPhoneSimulator.ActiveCfg = Debug|Any CPU
		{07FCC933-A923-4C69-9604-2FCEBE796C05}.Debug|iPhoneSimulator.Build.0 = Debug|Any CPU
		{07FCC933-A923-4C69-9604-2FCEBE796C05}.Debug|x64.ActiveCfg = Debug|Any CPU
		{07FCC933-A923-4C69-9604-2FCEBE796C05}.Debug|x86.ActiveCfg = Debug|Any CPU
		{07FCC933-A923-4C69-9604-2FCEBE796C05}.Release|Any CPU.ActiveCfg = Release|Any CPU
		{07FCC933-A923-4C69-9604-2FCEBE796C05}.Release|ARM.ActiveCfg = Release|Any CPU
		{07FCC933-A923-4C69-9604-2FCEBE796C05}.Release|iPhone.ActiveCfg = Release|Any CPU
		{07FCC933-A923-4C69-9604-2FCEBE796C05}.Release|iPhone.Build.0 = Release|Any CPU
		{07FCC933-A923-4C69-9604-2FCEBE796C05}.Release|iPhoneSimulator.ActiveCfg = Release|Any CPU
		{07FCC933-A923-4C69-9604-2FCEBE796C05}.Release|iPhoneSimulator.Build.0 = Release|Any CPU
		{07FCC933-A923-4C69-9604-2FCEBE796C05}.Release|x64.ActiveCfg = Release|Any CPU
		{07FCC933-A923-4C69-9604-2FCEBE796C05}.Release|x86.ActiveCfg = Release|Any CPU
		{F965FE62-3021-4B03-BAC8-5C71CD160D90}.Debug|Any CPU.ActiveCfg = Debug|Any CPU
		{F965FE62-3021-4B03-BAC8-5C71CD160D90}.Debug|Any CPU.Build.0 = Debug|Any CPU
		{F965FE62-3021-4B03-BAC8-5C71CD160D90}.Debug|ARM.ActiveCfg = Debug|Any CPU
		{F965FE62-3021-4B03-BAC8-5C71CD160D90}.Debug|ARM.Build.0 = Debug|Any CPU
		{F965FE62-3021-4B03-BAC8-5C71CD160D90}.Debug|iPhone.ActiveCfg = Debug|Any CPU
		{F965FE62-3021-4B03-BAC8-5C71CD160D90}.Debug|iPhone.Build.0 = Debug|Any CPU
		{F965FE62-3021-4B03-BAC8-5C71CD160D90}.Debug|iPhoneSimulator.ActiveCfg = Debug|Any CPU
		{F965FE62-3021-4B03-BAC8-5C71CD160D90}.Debug|iPhoneSimulator.Build.0 = Debug|Any CPU
		{F965FE62-3021-4B03-BAC8-5C71CD160D90}.Debug|x64.ActiveCfg = Debug|Any CPU
		{F965FE62-3021-4B03-BAC8-5C71CD160D90}.Debug|x64.Build.0 = Debug|Any CPU
		{F965FE62-3021-4B03-BAC8-5C71CD160D90}.Debug|x86.ActiveCfg = Debug|Any CPU
		{F965FE62-3021-4B03-BAC8-5C71CD160D90}.Debug|x86.Build.0 = Debug|Any CPU
		{F965FE62-3021-4B03-BAC8-5C71CD160D90}.Release|Any CPU.ActiveCfg = Release|Any CPU
		{F965FE62-3021-4B03-BAC8-5C71CD160D90}.Release|Any CPU.Build.0 = Release|Any CPU
		{F965FE62-3021-4B03-BAC8-5C71CD160D90}.Release|ARM.ActiveCfg = Release|Any CPU
		{F965FE62-3021-4B03-BAC8-5C71CD160D90}.Release|ARM.Build.0 = Release|Any CPU
		{F965FE62-3021-4B03-BAC8-5C71CD160D90}.Release|iPhone.ActiveCfg = Release|Any CPU
		{F965FE62-3021-4B03-BAC8-5C71CD160D90}.Release|iPhone.Build.0 = Release|Any CPU
		{F965FE62-3021-4B03-BAC8-5C71CD160D90}.Release|iPhoneSimulator.ActiveCfg = Release|Any CPU
		{F965FE62-3021-4B03-BAC8-5C71CD160D90}.Release|iPhoneSimulator.Build.0 = Release|Any CPU
		{F965FE62-3021-4B03-BAC8-5C71CD160D90}.Release|x64.ActiveCfg = Release|Any CPU
		{F965FE62-3021-4B03-BAC8-5C71CD160D90}.Release|x64.Build.0 = Release|Any CPU
		{F965FE62-3021-4B03-BAC8-5C71CD160D90}.Release|x86.ActiveCfg = Release|Any CPU
		{F965FE62-3021-4B03-BAC8-5C71CD160D90}.Release|x86.Build.0 = Release|Any CPU
		{91ABCC94-8531-4B2D-864D-63726C892434}.Debug|Any CPU.ActiveCfg = Debug|Any CPU
		{91ABCC94-8531-4B2D-864D-63726C892434}.Debug|Any CPU.Build.0 = Debug|Any CPU
		{91ABCC94-8531-4B2D-864D-63726C892434}.Debug|ARM.ActiveCfg = Debug|Any CPU
		{91ABCC94-8531-4B2D-864D-63726C892434}.Debug|ARM.Build.0 = Debug|Any CPU
		{91ABCC94-8531-4B2D-864D-63726C892434}.Debug|iPhone.ActiveCfg = Debug|Any CPU
		{91ABCC94-8531-4B2D-864D-63726C892434}.Debug|iPhoneSimulator.ActiveCfg = Debug|Any CPU
		{91ABCC94-8531-4B2D-864D-63726C892434}.Debug|x64.ActiveCfg = Debug|Any CPU
		{91ABCC94-8531-4B2D-864D-63726C892434}.Debug|x64.Build.0 = Debug|Any CPU
		{91ABCC94-8531-4B2D-864D-63726C892434}.Debug|x86.ActiveCfg = Debug|Any CPU
		{91ABCC94-8531-4B2D-864D-63726C892434}.Debug|x86.Build.0 = Debug|Any CPU
		{91ABCC94-8531-4B2D-864D-63726C892434}.Release|Any CPU.ActiveCfg = Release|Any CPU
		{91ABCC94-8531-4B2D-864D-63726C892434}.Release|Any CPU.Build.0 = Release|Any CPU
		{91ABCC94-8531-4B2D-864D-63726C892434}.Release|ARM.ActiveCfg = Release|Any CPU
		{91ABCC94-8531-4B2D-864D-63726C892434}.Release|ARM.Build.0 = Release|Any CPU
		{91ABCC94-8531-4B2D-864D-63726C892434}.Release|iPhone.ActiveCfg = Release|Any CPU
		{91ABCC94-8531-4B2D-864D-63726C892434}.Release|iPhoneSimulator.ActiveCfg = Release|Any CPU
		{91ABCC94-8531-4B2D-864D-63726C892434}.Release|x64.ActiveCfg = Release|Any CPU
		{91ABCC94-8531-4B2D-864D-63726C892434}.Release|x64.Build.0 = Release|Any CPU
		{91ABCC94-8531-4B2D-864D-63726C892434}.Release|x86.ActiveCfg = Release|Any CPU
		{91ABCC94-8531-4B2D-864D-63726C892434}.Release|x86.Build.0 = Release|Any CPU
		{3D1B2341-1620-4089-8BB4-0D123FC9A77E}.Debug|Any CPU.ActiveCfg = Debug|Any CPU
		{3D1B2341-1620-4089-8BB4-0D123FC9A77E}.Debug|ARM.ActiveCfg = Debug|Any CPU
		{3D1B2341-1620-4089-8BB4-0D123FC9A77E}.Debug|iPhone.ActiveCfg = Debug|Any CPU
		{3D1B2341-1620-4089-8BB4-0D123FC9A77E}.Debug|iPhone.Build.0 = Debug|Any CPU
		{3D1B2341-1620-4089-8BB4-0D123FC9A77E}.Debug|iPhoneSimulator.ActiveCfg = Debug|Any CPU
		{3D1B2341-1620-4089-8BB4-0D123FC9A77E}.Debug|iPhoneSimulator.Build.0 = Debug|Any CPU
		{3D1B2341-1620-4089-8BB4-0D123FC9A77E}.Debug|x64.ActiveCfg = Debug|Any CPU
		{3D1B2341-1620-4089-8BB4-0D123FC9A77E}.Debug|x86.ActiveCfg = Debug|Any CPU
		{3D1B2341-1620-4089-8BB4-0D123FC9A77E}.Release|Any CPU.ActiveCfg = Release|Any CPU
		{3D1B2341-1620-4089-8BB4-0D123FC9A77E}.Release|ARM.ActiveCfg = Release|Any CPU
		{3D1B2341-1620-4089-8BB4-0D123FC9A77E}.Release|iPhone.ActiveCfg = Release|Any CPU
		{3D1B2341-1620-4089-8BB4-0D123FC9A77E}.Release|iPhone.Build.0 = Release|Any CPU
		{3D1B2341-1620-4089-8BB4-0D123FC9A77E}.Release|iPhoneSimulator.ActiveCfg = Release|Any CPU
		{3D1B2341-1620-4089-8BB4-0D123FC9A77E}.Release|iPhoneSimulator.Build.0 = Release|Any CPU
		{3D1B2341-1620-4089-8BB4-0D123FC9A77E}.Release|x64.ActiveCfg = Release|Any CPU
		{3D1B2341-1620-4089-8BB4-0D123FC9A77E}.Release|x86.ActiveCfg = Release|Any CPU
		{D875FF2D-3AFB-4DDF-9F39-E47F11EF1FBC}.Debug|Any CPU.ActiveCfg = Debug|Any CPU
		{D875FF2D-3AFB-4DDF-9F39-E47F11EF1FBC}.Debug|Any CPU.Build.0 = Debug|Any CPU
		{D875FF2D-3AFB-4DDF-9F39-E47F11EF1FBC}.Debug|ARM.ActiveCfg = Debug|Any CPU
		{D875FF2D-3AFB-4DDF-9F39-E47F11EF1FBC}.Debug|ARM.Build.0 = Debug|Any CPU
		{D875FF2D-3AFB-4DDF-9F39-E47F11EF1FBC}.Debug|iPhone.ActiveCfg = Debug|Any CPU
		{D875FF2D-3AFB-4DDF-9F39-E47F11EF1FBC}.Debug|iPhone.Build.0 = Debug|Any CPU
		{D875FF2D-3AFB-4DDF-9F39-E47F11EF1FBC}.Debug|iPhoneSimulator.ActiveCfg = Debug|Any CPU
		{D875FF2D-3AFB-4DDF-9F39-E47F11EF1FBC}.Debug|iPhoneSimulator.Build.0 = Debug|Any CPU
		{D875FF2D-3AFB-4DDF-9F39-E47F11EF1FBC}.Debug|x64.ActiveCfg = Debug|Any CPU
		{D875FF2D-3AFB-4DDF-9F39-E47F11EF1FBC}.Debug|x64.Build.0 = Debug|Any CPU
		{D875FF2D-3AFB-4DDF-9F39-E47F11EF1FBC}.Debug|x86.ActiveCfg = Debug|Any CPU
		{D875FF2D-3AFB-4DDF-9F39-E47F11EF1FBC}.Debug|x86.Build.0 = Debug|Any CPU
		{D875FF2D-3AFB-4DDF-9F39-E47F11EF1FBC}.Release|Any CPU.ActiveCfg = Release|Any CPU
		{D875FF2D-3AFB-4DDF-9F39-E47F11EF1FBC}.Release|Any CPU.Build.0 = Release|Any CPU
		{D875FF2D-3AFB-4DDF-9F39-E47F11EF1FBC}.Release|ARM.ActiveCfg = Release|Any CPU
		{D875FF2D-3AFB-4DDF-9F39-E47F11EF1FBC}.Release|ARM.Build.0 = Release|Any CPU
		{D875FF2D-3AFB-4DDF-9F39-E47F11EF1FBC}.Release|iPhone.ActiveCfg = Release|Any CPU
		{D875FF2D-3AFB-4DDF-9F39-E47F11EF1FBC}.Release|iPhone.Build.0 = Release|Any CPU
		{D875FF2D-3AFB-4DDF-9F39-E47F11EF1FBC}.Release|iPhoneSimulator.ActiveCfg = Release|Any CPU
		{D875FF2D-3AFB-4DDF-9F39-E47F11EF1FBC}.Release|iPhoneSimulator.Build.0 = Release|Any CPU
		{D875FF2D-3AFB-4DDF-9F39-E47F11EF1FBC}.Release|x64.ActiveCfg = Release|Any CPU
		{D875FF2D-3AFB-4DDF-9F39-E47F11EF1FBC}.Release|x64.Build.0 = Release|Any CPU
		{D875FF2D-3AFB-4DDF-9F39-E47F11EF1FBC}.Release|x86.ActiveCfg = Release|Any CPU
		{D875FF2D-3AFB-4DDF-9F39-E47F11EF1FBC}.Release|x86.Build.0 = Release|Any CPU
		{82EE86CC-2640-4B47-82DB-7D71A2297EE8}.Debug|Any CPU.ActiveCfg = Debug|Any CPU
		{82EE86CC-2640-4B47-82DB-7D71A2297EE8}.Debug|Any CPU.Build.0 = Debug|Any CPU
		{82EE86CC-2640-4B47-82DB-7D71A2297EE8}.Debug|ARM.ActiveCfg = Debug|Any CPU
		{82EE86CC-2640-4B47-82DB-7D71A2297EE8}.Debug|ARM.Build.0 = Debug|Any CPU
		{82EE86CC-2640-4B47-82DB-7D71A2297EE8}.Debug|iPhone.ActiveCfg = Debug|Any CPU
		{82EE86CC-2640-4B47-82DB-7D71A2297EE8}.Debug|iPhone.Build.0 = Debug|Any CPU
		{82EE86CC-2640-4B47-82DB-7D71A2297EE8}.Debug|iPhoneSimulator.ActiveCfg = Debug|Any CPU
		{82EE86CC-2640-4B47-82DB-7D71A2297EE8}.Debug|iPhoneSimulator.Build.0 = Debug|Any CPU
		{82EE86CC-2640-4B47-82DB-7D71A2297EE8}.Debug|x64.ActiveCfg = Debug|Any CPU
		{82EE86CC-2640-4B47-82DB-7D71A2297EE8}.Debug|x64.Build.0 = Debug|Any CPU
		{82EE86CC-2640-4B47-82DB-7D71A2297EE8}.Debug|x86.ActiveCfg = Debug|Any CPU
		{82EE86CC-2640-4B47-82DB-7D71A2297EE8}.Debug|x86.Build.0 = Debug|Any CPU
		{82EE86CC-2640-4B47-82DB-7D71A2297EE8}.Release|Any CPU.ActiveCfg = Release|Any CPU
		{82EE86CC-2640-4B47-82DB-7D71A2297EE8}.Release|Any CPU.Build.0 = Release|Any CPU
		{82EE86CC-2640-4B47-82DB-7D71A2297EE8}.Release|ARM.ActiveCfg = Release|Any CPU
		{82EE86CC-2640-4B47-82DB-7D71A2297EE8}.Release|ARM.Build.0 = Release|Any CPU
		{82EE86CC-2640-4B47-82DB-7D71A2297EE8}.Release|iPhone.ActiveCfg = Release|Any CPU
		{82EE86CC-2640-4B47-82DB-7D71A2297EE8}.Release|iPhone.Build.0 = Release|Any CPU
		{82EE86CC-2640-4B47-82DB-7D71A2297EE8}.Release|iPhoneSimulator.ActiveCfg = Release|Any CPU
		{82EE86CC-2640-4B47-82DB-7D71A2297EE8}.Release|iPhoneSimulator.Build.0 = Release|Any CPU
		{82EE86CC-2640-4B47-82DB-7D71A2297EE8}.Release|x64.ActiveCfg = Release|Any CPU
		{82EE86CC-2640-4B47-82DB-7D71A2297EE8}.Release|x64.Build.0 = Release|Any CPU
		{82EE86CC-2640-4B47-82DB-7D71A2297EE8}.Release|x86.ActiveCfg = Release|Any CPU
		{82EE86CC-2640-4B47-82DB-7D71A2297EE8}.Release|x86.Build.0 = Release|Any CPU
		{95FBFC84-3058-4441-972C-607C3378748E}.Debug|Any CPU.ActiveCfg = Debug|Any CPU
		{95FBFC84-3058-4441-972C-607C3378748E}.Debug|Any CPU.Build.0 = Debug|Any CPU
		{95FBFC84-3058-4441-972C-607C3378748E}.Debug|Any CPU.Deploy.0 = Debug|Any CPU
		{95FBFC84-3058-4441-972C-607C3378748E}.Debug|ARM.ActiveCfg = Debug|Any CPU
		{95FBFC84-3058-4441-972C-607C3378748E}.Debug|ARM.Build.0 = Debug|Any CPU
		{95FBFC84-3058-4441-972C-607C3378748E}.Debug|ARM.Deploy.0 = Debug|Any CPU
		{95FBFC84-3058-4441-972C-607C3378748E}.Debug|iPhone.ActiveCfg = Debug|Any CPU
		{95FBFC84-3058-4441-972C-607C3378748E}.Debug|iPhone.Build.0 = Debug|Any CPU
		{95FBFC84-3058-4441-972C-607C3378748E}.Debug|iPhone.Deploy.0 = Debug|Any CPU
		{95FBFC84-3058-4441-972C-607C3378748E}.Debug|iPhoneSimulator.ActiveCfg = Debug|Any CPU
		{95FBFC84-3058-4441-972C-607C3378748E}.Debug|iPhoneSimulator.Build.0 = Debug|Any CPU
		{95FBFC84-3058-4441-972C-607C3378748E}.Debug|iPhoneSimulator.Deploy.0 = Debug|Any CPU
		{95FBFC84-3058-4441-972C-607C3378748E}.Debug|x64.ActiveCfg = Debug|Any CPU
		{95FBFC84-3058-4441-972C-607C3378748E}.Debug|x64.Build.0 = Debug|Any CPU
		{95FBFC84-3058-4441-972C-607C3378748E}.Debug|x64.Deploy.0 = Debug|Any CPU
		{95FBFC84-3058-4441-972C-607C3378748E}.Debug|x86.ActiveCfg = Debug|Any CPU
		{95FBFC84-3058-4441-972C-607C3378748E}.Debug|x86.Build.0 = Debug|Any CPU
		{95FBFC84-3058-4441-972C-607C3378748E}.Debug|x86.Deploy.0 = Debug|Any CPU
		{95FBFC84-3058-4441-972C-607C3378748E}.Release|Any CPU.ActiveCfg = Release|Any CPU
		{95FBFC84-3058-4441-972C-607C3378748E}.Release|Any CPU.Build.0 = Release|Any CPU
		{95FBFC84-3058-4441-972C-607C3378748E}.Release|Any CPU.Deploy.0 = Release|Any CPU
		{95FBFC84-3058-4441-972C-607C3378748E}.Release|ARM.ActiveCfg = Release|Any CPU
		{95FBFC84-3058-4441-972C-607C3378748E}.Release|ARM.Build.0 = Release|Any CPU
		{95FBFC84-3058-4441-972C-607C3378748E}.Release|ARM.Deploy.0 = Release|Any CPU
		{95FBFC84-3058-4441-972C-607C3378748E}.Release|iPhone.ActiveCfg = Release|Any CPU
		{95FBFC84-3058-4441-972C-607C3378748E}.Release|iPhone.Build.0 = Release|Any CPU
		{95FBFC84-3058-4441-972C-607C3378748E}.Release|iPhone.Deploy.0 = Release|Any CPU
		{95FBFC84-3058-4441-972C-607C3378748E}.Release|iPhoneSimulator.ActiveCfg = Release|Any CPU
		{95FBFC84-3058-4441-972C-607C3378748E}.Release|iPhoneSimulator.Build.0 = Release|Any CPU
		{95FBFC84-3058-4441-972C-607C3378748E}.Release|iPhoneSimulator.Deploy.0 = Release|Any CPU
		{95FBFC84-3058-4441-972C-607C3378748E}.Release|x64.ActiveCfg = Release|Any CPU
		{95FBFC84-3058-4441-972C-607C3378748E}.Release|x64.Build.0 = Release|Any CPU
		{95FBFC84-3058-4441-972C-607C3378748E}.Release|x64.Deploy.0 = Release|Any CPU
		{95FBFC84-3058-4441-972C-607C3378748E}.Release|x86.ActiveCfg = Release|Any CPU
		{95FBFC84-3058-4441-972C-607C3378748E}.Release|x86.Build.0 = Release|Any CPU
		{95FBFC84-3058-4441-972C-607C3378748E}.Release|x86.Deploy.0 = Release|Any CPU
		{FCD3BF3A-283C-4ADE-89CF-5EB9A7B05DBA}.Debug|Any CPU.ActiveCfg = Debug|iPhone
		{FCD3BF3A-283C-4ADE-89CF-5EB9A7B05DBA}.Debug|ARM.ActiveCfg = Debug|iPhone
		{FCD3BF3A-283C-4ADE-89CF-5EB9A7B05DBA}.Debug|iPhone.ActiveCfg = Debug|iPhone
		{FCD3BF3A-283C-4ADE-89CF-5EB9A7B05DBA}.Debug|iPhone.Build.0 = Debug|iPhone
		{FCD3BF3A-283C-4ADE-89CF-5EB9A7B05DBA}.Debug|iPhoneSimulator.ActiveCfg = Debug|iPhoneSimulator
		{FCD3BF3A-283C-4ADE-89CF-5EB9A7B05DBA}.Debug|iPhoneSimulator.Build.0 = Debug|iPhoneSimulator
		{FCD3BF3A-283C-4ADE-89CF-5EB9A7B05DBA}.Debug|x64.ActiveCfg = Debug|iPhone
		{FCD3BF3A-283C-4ADE-89CF-5EB9A7B05DBA}.Debug|x86.ActiveCfg = Debug|iPhone
		{FCD3BF3A-283C-4ADE-89CF-5EB9A7B05DBA}.Release|Any CPU.ActiveCfg = Release|iPhone
		{FCD3BF3A-283C-4ADE-89CF-5EB9A7B05DBA}.Release|ARM.ActiveCfg = Release|iPhone
		{FCD3BF3A-283C-4ADE-89CF-5EB9A7B05DBA}.Release|iPhone.ActiveCfg = Release|iPhone
		{FCD3BF3A-283C-4ADE-89CF-5EB9A7B05DBA}.Release|iPhone.Build.0 = Release|iPhone
		{FCD3BF3A-283C-4ADE-89CF-5EB9A7B05DBA}.Release|iPhoneSimulator.ActiveCfg = Release|iPhoneSimulator
		{FCD3BF3A-283C-4ADE-89CF-5EB9A7B05DBA}.Release|iPhoneSimulator.Build.0 = Release|iPhoneSimulator
		{FCD3BF3A-283C-4ADE-89CF-5EB9A7B05DBA}.Release|x64.ActiveCfg = Release|iPhone
		{FCD3BF3A-283C-4ADE-89CF-5EB9A7B05DBA}.Release|x86.ActiveCfg = Release|iPhone
	EndGlobalSection
	GlobalSection(SolutionProperties) = preSolution
		HideSolutionNode = FALSE
	EndGlobalSection
	GlobalSection(NestedProjects) = preSolution
		{DFE94BF0-6E46-4DB4-BC72-0F21BF0ED70E} = {C38A83E8-AD6F-488C-B7D1-B609E33BB77A}
		{F9242228-D574-4FF1-8D4F-714C84154102} = {C38A83E8-AD6F-488C-B7D1-B609E33BB77A}
		{094109D5-F8D6-447D-8F31-64AB5E700A0E} = {C38A83E8-AD6F-488C-B7D1-B609E33BB77A}
		{CE611EEC-86B5-4D2E-B4C1-5F7B2440057C} = {6D222BFD-F123-4423-BC80-EB213B2F4F65}
		{9F860BCD-1B0D-4680-BDBB-6A6A2607851E} = {6D222BFD-F123-4423-BC80-EB213B2F4F65}
		{69427AAE-B19C-4D09-8EF4-4007AD66E058} = {6D222BFD-F123-4423-BC80-EB213B2F4F65}
		{F74ED62F-387E-4A76-8255-3696086E08EB} = {6D222BFD-F123-4423-BC80-EB213B2F4F65}
		{193729F9-E2AB-49E8-B1AC-14BECBC842EC} = {6D222BFD-F123-4423-BC80-EB213B2F4F65}
		{6655D5C2-97DC-49EA-9381-B0C275DBFAA2} = {CE611EEC-86B5-4D2E-B4C1-5F7B2440057C}
		{D8CA5905-2ED3-48AB-A817-F8A4574B6121} = {9F860BCD-1B0D-4680-BDBB-6A6A2607851E}
		{632920F9-D3A0-44D3-8478-77DA54D1BCEA} = {9F860BCD-1B0D-4680-BDBB-6A6A2607851E}
		{A03E6B15-90F9-4566-9755-6A5F3B39C7DD} = {9F860BCD-1B0D-4680-BDBB-6A6A2607851E}
		{E5E12AA0-3557-4D0D-AB00-569E1107A76F} = {69427AAE-B19C-4D09-8EF4-4007AD66E058}
		{BCAD3A40-E518-4808-9569-2C2A5E33287B} = {69427AAE-B19C-4D09-8EF4-4007AD66E058}
		{30AB6758-2338-4312-8BD6-6EC3F4158189} = {69427AAE-B19C-4D09-8EF4-4007AD66E058}
		{EA93E344-1B84-4107-B80A-81AC553B20FF} = {6D222BFD-F123-4423-BC80-EB213B2F4F65}
		{C56F4531-5AC8-4887-85FC-08DF0388B64C} = {EA93E344-1B84-4107-B80A-81AC553B20FF}
		{09384CF5-E655-4A34-9F74-4412643B20BF} = {EA93E344-1B84-4107-B80A-81AC553B20FF}
		{730BD97F-534D-4E7D-866B-0B85A2831254} = {F74ED62F-387E-4A76-8255-3696086E08EB}
		{F53FA71D-97DF-46DC-B8E1-865B22D65437} = {F74ED62F-387E-4A76-8255-3696086E08EB}
		{8A73352A-558A-4B45-8CD3-BAC0A4D8524E} = {F74ED62F-387E-4A76-8255-3696086E08EB}
		{0B6C27E3-0068-411D-BC70-6B474DBE1FCF} = {193729F9-E2AB-49E8-B1AC-14BECBC842EC}
		{C9DBCF37-22E7-491B-AED8-192CF03CEBF6} = {193729F9-E2AB-49E8-B1AC-14BECBC842EC}
		{6B752022-75B9-4207-9AED-D9D2D5191042} = {193729F9-E2AB-49E8-B1AC-14BECBC842EC}
		{39AD1378-B9E5-44A1-8242-F698061C8D43} = {193729F9-E2AB-49E8-B1AC-14BECBC842EC}
		{202B5E9A-CD47-453D-B2D9-6FD40F6A4266} = {6D222BFD-F123-4423-BC80-EB213B2F4F65}
		{23187722-4D63-4212-AB79-A886790E00D9} = {202B5E9A-CD47-453D-B2D9-6FD40F6A4266}
		{595E98BA-8E1E-40F3-9747-F1A58D3928C7} = {202B5E9A-CD47-453D-B2D9-6FD40F6A4266}
		{E71F3053-056C-4381-9638-048ED73BDFF6} = {202B5E9A-CD47-453D-B2D9-6FD40F6A4266}
		{A4A4B555-35D6-4AE7-95CB-394AC7C5D7E8} = {EA93E344-1B84-4107-B80A-81AC553B20FF}
		{D5FE33E2-9A6C-418C-9F5D-EFD3D08E8857} = {193729F9-E2AB-49E8-B1AC-14BECBC842EC}
		{C2687C1E-A5DF-4303-81D2-C8331B8B4189} = {193729F9-E2AB-49E8-B1AC-14BECBC842EC}
		{2941380A-196A-456D-9B97-2B34F8DF2CD6} = {193729F9-E2AB-49E8-B1AC-14BECBC842EC}
		{21B0A3DB-9B8B-4023-8B9E-8134D1B229DD} = {193729F9-E2AB-49E8-B1AC-14BECBC842EC}
		{62D24432-4C62-4479-BBF9-07EA2F44C864} = {193729F9-E2AB-49E8-B1AC-14BECBC842EC}
		{07FCC933-A923-4C69-9604-2FCEBE796C05} = {193729F9-E2AB-49E8-B1AC-14BECBC842EC}
		{4D2EC70F-0C89-4C5C-9BB0-FB90E0D18786} = {6D222BFD-F123-4423-BC80-EB213B2F4F65}
		{F965FE62-3021-4B03-BAC8-5C71CD160D90} = {4D2EC70F-0C89-4C5C-9BB0-FB90E0D18786}
		{91ABCC94-8531-4B2D-864D-63726C892434} = {4D2EC70F-0C89-4C5C-9BB0-FB90E0D18786}
		{3D1B2341-1620-4089-8BB4-0D123FC9A77E} = {4D2EC70F-0C89-4C5C-9BB0-FB90E0D18786}
		{D875FF2D-3AFB-4DDF-9F39-E47F11EF1FBC} = {5816B5B0-9F1B-461E-A45C-22F816F93464}
		{82EE86CC-2640-4B47-82DB-7D71A2297EE8} = {5816B5B0-9F1B-461E-A45C-22F816F93464}
		{95FBFC84-3058-4441-972C-607C3378748E} = {5816B5B0-9F1B-461E-A45C-22F816F93464}
		{FCD3BF3A-283C-4ADE-89CF-5EB9A7B05DBA} = {5816B5B0-9F1B-461E-A45C-22F816F93464}
	EndGlobalSection
	GlobalSection(ExtensibilityGlobals) = postSolution
		SolutionGuid = {71E709A0-AD69-48C1-8569-7873BFF4BCA5}
	EndGlobalSection
EndGlobal
